// !$*UTF8*$!
{
	archiveVersion = 1;
	classes = {
	};
	objectVersion = 55;
	objects = {

/* Begin PBXBuildFile section */
		6EFD225626EE78E4006B5663 /* backgroundBugFix.js in Resources */ = {isa = PBXBuildFile; fileRef = 6EFD225526EE78E4006B5663 /* backgroundBugFix.js */; };
		6EFD225726EE78E4006B5663 /* backgroundBugFix.js in Resources */ = {isa = PBXBuildFile; fileRef = 6EFD225526EE78E4006B5663 /* backgroundBugFix.js */; };
		CB0CF21B26D6299D00CA6F5D /* AppDelegate.swift in Sources */ = {isa = PBXBuildFile; fileRef = CB0CF21A26D6299D00CA6F5D /* AppDelegate.swift */; };
		CB0CF21D26D6299D00CA6F5D /* SceneDelegate.swift in Sources */ = {isa = PBXBuildFile; fileRef = CB0CF21C26D6299D00CA6F5D /* SceneDelegate.swift */; };
		CB0CF22026D6299D00CA6F5D /* LaunchScreen.storyboard in Resources */ = {isa = PBXBuildFile; fileRef = CB0CF21E26D6299D00CA6F5D /* LaunchScreen.storyboard */; };
		CB0CF22326D6299D00CA6F5D /* Main.storyboard in Resources */ = {isa = PBXBuildFile; fileRef = CB0CF22126D6299D00CA6F5D /* Main.storyboard */; };
		CB0CF22C26D6299D00CA6F5D /* AppDelegate.swift in Sources */ = {isa = PBXBuildFile; fileRef = CB0CF22B26D6299D00CA6F5D /* AppDelegate.swift */; };
		CB0CF22F26D6299D00CA6F5D /* Main.storyboard in Resources */ = {isa = PBXBuildFile; fileRef = CB0CF22D26D6299D00CA6F5D /* Main.storyboard */; };
		CB0CF23626D6299D00CA6F5D /* InspoTab Extension.appex in Embed App Extensions */ = {isa = PBXBuildFile; fileRef = CB0CF23526D6299D00CA6F5D /* InspoTab Extension.appex */; settings = {ATTRIBUTES = (RemoveHeadersOnCopy, ); }; };
		CB0CF24026D6299D00CA6F5D /* InspoTab Extension.appex in Embed App Extensions */ = {isa = PBXBuildFile; fileRef = CB0CF23F26D6299D00CA6F5D /* InspoTab Extension.appex */; settings = {ATTRIBUTES = (RemoveHeadersOnCopy, ); }; };
		CB0CF24526D6299D00CA6F5D /* Main.html in Resources */ = {isa = PBXBuildFile; fileRef = CB0CF20126D6299B00CA6F5D /* Main.html */; };
		CB0CF24626D6299D00CA6F5D /* Main.html in Resources */ = {isa = PBXBuildFile; fileRef = CB0CF20126D6299B00CA6F5D /* Main.html */; };
		CB0CF24926D6299D00CA6F5D /* Style.css in Resources */ = {isa = PBXBuildFile; fileRef = CB0CF20426D6299B00CA6F5D /* Style.css */; };
		CB0CF24A26D6299D00CA6F5D /* Style.css in Resources */ = {isa = PBXBuildFile; fileRef = CB0CF20426D6299B00CA6F5D /* Style.css */; };
		CB0CF24B26D6299D00CA6F5D /* Script.js in Resources */ = {isa = PBXBuildFile; fileRef = CB0CF20526D6299B00CA6F5D /* Script.js */; };
		CB0CF24C26D6299D00CA6F5D /* Script.js in Resources */ = {isa = PBXBuildFile; fileRef = CB0CF20526D6299B00CA6F5D /* Script.js */; };
		CB0CF24D26D6299D00CA6F5D /* ViewController.swift in Sources */ = {isa = PBXBuildFile; fileRef = CB0CF20626D6299B00CA6F5D /* ViewController.swift */; };
		CB0CF24E26D6299D00CA6F5D /* ViewController.swift in Sources */ = {isa = PBXBuildFile; fileRef = CB0CF20626D6299B00CA6F5D /* ViewController.swift */; };
		CB0CF24F26D6299D00CA6F5D /* Assets.xcassets in Resources */ = {isa = PBXBuildFile; fileRef = CB0CF20726D6299D00CA6F5D /* Assets.xcassets */; };
		CB0CF25026D6299D00CA6F5D /* Assets.xcassets in Resources */ = {isa = PBXBuildFile; fileRef = CB0CF20726D6299D00CA6F5D /* Assets.xcassets */; };
		CB0CF25126D6299D00CA6F5D /* SafariWebExtensionHandler.swift in Sources */ = {isa = PBXBuildFile; fileRef = CB0CF20926D6299D00CA6F5D /* SafariWebExtensionHandler.swift */; };
		CB0CF25226D6299D00CA6F5D /* SafariWebExtensionHandler.swift in Sources */ = {isa = PBXBuildFile; fileRef = CB0CF20926D6299D00CA6F5D /* SafariWebExtensionHandler.swift */; };
		CB0CF25326D6299D00CA6F5D /* _locales in Resources */ = {isa = PBXBuildFile; fileRef = CB0CF20B26D6299D00CA6F5D /* _locales */; };
		CB0CF25426D6299D00CA6F5D /* _locales in Resources */ = {isa = PBXBuildFile; fileRef = CB0CF20B26D6299D00CA6F5D /* _locales */; };
		CB0CF25726D6299D00CA6F5D /* manifest.json in Resources */ = {isa = PBXBuildFile; fileRef = CB0CF20D26D6299D00CA6F5D /* manifest.json */; };
		CB0CF25826D6299D00CA6F5D /* manifest.json in Resources */ = {isa = PBXBuildFile; fileRef = CB0CF20D26D6299D00CA6F5D /* manifest.json */; };
		CB0CF2BB26D62C6F00CA6F5D /* index.html in Resources */ = {isa = PBXBuildFile; fileRef = CB0CF27326D62C6F00CA6F5D /* index.html */; };
		CB0CF2BC26D62C6F00CA6F5D /* index.html in Resources */ = {isa = PBXBuildFile; fileRef = CB0CF27326D62C6F00CA6F5D /* index.html */; };
		CB0CF2BD26D62C6F00CA6F5D /* script.js in Resources */ = {isa = PBXBuildFile; fileRef = CB0CF27426D62C6F00CA6F5D /* script.js */; };
		CB0CF2BE26D62C6F00CA6F5D /* script.js in Resources */ = {isa = PBXBuildFile; fileRef = CB0CF27426D62C6F00CA6F5D /* script.js */; };
		CB0CF2BF26D62C6F00CA6F5D /* internet.jpg in Resources */ = {isa = PBXBuildFile; fileRef = CB0CF27626D62C6F00CA6F5D /* internet.jpg */; };
		CB0CF2C026D62C6F00CA6F5D /* internet.jpg in Resources */ = {isa = PBXBuildFile; fileRef = CB0CF27626D62C6F00CA6F5D /* internet.jpg */; };
		CB0CF2C126D62C6F00CA6F5D /* ebola.jpg in Resources */ = {isa = PBXBuildFile; fileRef = CB0CF27726D62C6F00CA6F5D /* ebola.jpg */; };
		CB0CF2C226D62C6F00CA6F5D /* ebola.jpg in Resources */ = {isa = PBXBuildFile; fileRef = CB0CF27726D62C6F00CA6F5D /* ebola.jpg */; };
		CB0CF2C326D62C6F00CA6F5D /* progress.jpg in Resources */ = {isa = PBXBuildFile; fileRef = CB0CF27826D62C6F00CA6F5D /* progress.jpg */; };
		CB0CF2C426D62C6F00CA6F5D /* progress.jpg in Resources */ = {isa = PBXBuildFile; fileRef = CB0CF27826D62C6F00CA6F5D /* progress.jpg */; };
		CB0CF2C526D62C6F00CA6F5D /* bieber.jpg in Resources */ = {isa = PBXBuildFile; fileRef = CB0CF27926D62C6F00CA6F5D /* bieber.jpg */; };
		CB0CF2C626D62C6F00CA6F5D /* bieber.jpg in Resources */ = {isa = PBXBuildFile; fileRef = CB0CF27926D62C6F00CA6F5D /* bieber.jpg */; };
		CB0CF2C726D62C6F00CA6F5D /* brutalism.jpg in Resources */ = {isa = PBXBuildFile; fileRef = CB0CF27A26D62C6F00CA6F5D /* brutalism.jpg */; };
		CB0CF2C826D62C6F00CA6F5D /* brutalism.jpg in Resources */ = {isa = PBXBuildFile; fileRef = CB0CF27A26D62C6F00CA6F5D /* brutalism.jpg */; };
		CB0CF2C926D62C6F00CA6F5D /* fly.jpg in Resources */ = {isa = PBXBuildFile; fileRef = CB0CF27B26D62C6F00CA6F5D /* fly.jpg */; };
		CB0CF2CA26D62C6F00CA6F5D /* fly.jpg in Resources */ = {isa = PBXBuildFile; fileRef = CB0CF27B26D62C6F00CA6F5D /* fly.jpg */; };
		CB0CF2CB26D62C6F00CA6F5D /* procrastinate.jpg in Resources */ = {isa = PBXBuildFile; fileRef = CB0CF27C26D62C6F00CA6F5D /* procrastinate.jpg */; };
		CB0CF2CC26D62C6F00CA6F5D /* procrastinate.jpg in Resources */ = {isa = PBXBuildFile; fileRef = CB0CF27C26D62C6F00CA6F5D /* procrastinate.jpg */; };
		CB0CF2CD26D62C6F00CA6F5D /* city.jpg in Resources */ = {isa = PBXBuildFile; fileRef = CB0CF27D26D62C6F00CA6F5D /* city.jpg */; };
		CB0CF2CE26D62C6F00CA6F5D /* city.jpg in Resources */ = {isa = PBXBuildFile; fileRef = CB0CF27D26D62C6F00CA6F5D /* city.jpg */; };
		CB0CF2CF26D62C6F00CA6F5D /* peak.jpg in Resources */ = {isa = PBXBuildFile; fileRef = CB0CF27E26D62C6F00CA6F5D /* peak.jpg */; };
		CB0CF2D026D62C6F00CA6F5D /* peak.jpg in Resources */ = {isa = PBXBuildFile; fileRef = CB0CF27E26D62C6F00CA6F5D /* peak.jpg */; };
		CB0CF2D126D62C6F00CA6F5D /* mistake.jpg in Resources */ = {isa = PBXBuildFile; fileRef = CB0CF27F26D62C6F00CA6F5D /* mistake.jpg */; };
		CB0CF2D226D62C6F00CA6F5D /* mistake.jpg in Resources */ = {isa = PBXBuildFile; fileRef = CB0CF27F26D62C6F00CA6F5D /* mistake.jpg */; };
		CB0CF2D326D62C6F00CA6F5D /* bird.jpg in Resources */ = {isa = PBXBuildFile; fileRef = CB0CF28026D62C6F00CA6F5D /* bird.jpg */; };
		CB0CF2D426D62C6F00CA6F5D /* bird.jpg in Resources */ = {isa = PBXBuildFile; fileRef = CB0CF28026D62C6F00CA6F5D /* bird.jpg */; };
		CB0CF2D526D62C6F00CA6F5D /* ostrich.jpg in Resources */ = {isa = PBXBuildFile; fileRef = CB0CF28126D62C6F00CA6F5D /* ostrich.jpg */; };
		CB0CF2D626D62C6F00CA6F5D /* ostrich.jpg in Resources */ = {isa = PBXBuildFile; fileRef = CB0CF28126D62C6F00CA6F5D /* ostrich.jpg */; };
		CB0CF2D726D62C6F00CA6F5D /* flight.jpg in Resources */ = {isa = PBXBuildFile; fileRef = CB0CF28226D62C6F00CA6F5D /* flight.jpg */; };
		CB0CF2D826D62C6F00CA6F5D /* flight.jpg in Resources */ = {isa = PBXBuildFile; fileRef = CB0CF28226D62C6F00CA6F5D /* flight.jpg */; };
		CB0CF2D926D62C6F00CA6F5D /* mower.jpg in Resources */ = {isa = PBXBuildFile; fileRef = CB0CF28326D62C6F00CA6F5D /* mower.jpg */; };
		CB0CF2DA26D62C6F00CA6F5D /* mower.jpg in Resources */ = {isa = PBXBuildFile; fileRef = CB0CF28326D62C6F00CA6F5D /* mower.jpg */; };
		CB0CF2DB26D62C6F00CA6F5D /* disappointment.jpg in Resources */ = {isa = PBXBuildFile; fileRef = CB0CF28426D62C6F00CA6F5D /* disappointment.jpg */; };
		CB0CF2DC26D62C6F00CA6F5D /* disappointment.jpg in Resources */ = {isa = PBXBuildFile; fileRef = CB0CF28426D62C6F00CA6F5D /* disappointment.jpg */; };
		CB0CF2DD26D62C6F00CA6F5D /* distraction.jpg in Resources */ = {isa = PBXBuildFile; fileRef = CB0CF28526D62C6F00CA6F5D /* distraction.jpg */; };
		CB0CF2DE26D62C6F00CA6F5D /* distraction.jpg in Resources */ = {isa = PBXBuildFile; fileRef = CB0CF28526D62C6F00CA6F5D /* distraction.jpg */; };
		CB0CF2DF26D62C6F00CA6F5D /* raindrops.jpg in Resources */ = {isa = PBXBuildFile; fileRef = CB0CF28626D62C6F00CA6F5D /* raindrops.jpg */; };
		CB0CF2E026D62C6F00CA6F5D /* raindrops.jpg in Resources */ = {isa = PBXBuildFile; fileRef = CB0CF28626D62C6F00CA6F5D /* raindrops.jpg */; };
		CB0CF2E126D62C6F00CA6F5D /* anarchy.jpg in Resources */ = {isa = PBXBuildFile; fileRef = CB0CF28726D62C6F00CA6F5D /* anarchy.jpg */; };
		CB0CF2E226D62C6F00CA6F5D /* anarchy.jpg in Resources */ = {isa = PBXBuildFile; fileRef = CB0CF28726D62C6F00CA6F5D /* anarchy.jpg */; };
		CB0CF2E326D62C6F00CA6F5D /* humility.jpg in Resources */ = {isa = PBXBuildFile; fileRef = CB0CF28826D62C6F00CA6F5D /* humility.jpg */; };
		CB0CF2E426D62C6F00CA6F5D /* humility.jpg in Resources */ = {isa = PBXBuildFile; fileRef = CB0CF28826D62C6F00CA6F5D /* humility.jpg */; };
		CB0CF2E526D62C6F00CA6F5D /* penguin.jpg in Resources */ = {isa = PBXBuildFile; fileRef = CB0CF28926D62C6F00CA6F5D /* penguin.jpg */; };
		CB0CF2E626D62C6F00CA6F5D /* penguin.jpg in Resources */ = {isa = PBXBuildFile; fileRef = CB0CF28926D62C6F00CA6F5D /* penguin.jpg */; };
		CB0CF2E726D62C6F00CA6F5D /* invalid.jpg in Resources */ = {isa = PBXBuildFile; fileRef = CB0CF28A26D62C6F00CA6F5D /* invalid.jpg */; };
		CB0CF2E826D62C6F00CA6F5D /* invalid.jpg in Resources */ = {isa = PBXBuildFile; fileRef = CB0CF28A26D62C6F00CA6F5D /* invalid.jpg */; };
		CB0CF2E926D62C6F00CA6F5D /* startrek.jpg in Resources */ = {isa = PBXBuildFile; fileRef = CB0CF28B26D62C6F00CA6F5D /* startrek.jpg */; };
		CB0CF2EA26D62C6F00CA6F5D /* startrek.jpg in Resources */ = {isa = PBXBuildFile; fileRef = CB0CF28B26D62C6F00CA6F5D /* startrek.jpg */; };
		CB0CF2EB26D62C6F00CA6F5D /* carpe.jpg in Resources */ = {isa = PBXBuildFile; fileRef = CB0CF28C26D62C6F00CA6F5D /* carpe.jpg */; };
		CB0CF2EC26D62C6F00CA6F5D /* carpe.jpg in Resources */ = {isa = PBXBuildFile; fileRef = CB0CF28C26D62C6F00CA6F5D /* carpe.jpg */; };
		CB0CF2ED26D62C6F00CA6F5D /* success.jpg in Resources */ = {isa = PBXBuildFile; fileRef = CB0CF28D26D62C6F00CA6F5D /* success.jpg */; };
		CB0CF2EE26D62C6F00CA6F5D /* success.jpg in Resources */ = {isa = PBXBuildFile; fileRef = CB0CF28D26D62C6F00CA6F5D /* success.jpg */; };
		CB0CF2EF26D62C6F00CA6F5D /* diamond.jpg in Resources */ = {isa = PBXBuildFile; fileRef = CB0CF28E26D62C6F00CA6F5D /* diamond.jpg */; };
		CB0CF2F026D62C6F00CA6F5D /* diamond.jpg in Resources */ = {isa = PBXBuildFile; fileRef = CB0CF28E26D62C6F00CA6F5D /* diamond.jpg */; };
		CB0CF2F326D62C6F00CA6F5D /* idea.jpg in Resources */ = {isa = PBXBuildFile; fileRef = CB0CF29026D62C6F00CA6F5D /* idea.jpg */; };
		CB0CF2F426D62C6F00CA6F5D /* idea.jpg in Resources */ = {isa = PBXBuildFile; fileRef = CB0CF29026D62C6F00CA6F5D /* idea.jpg */; };
		CB0CF2F526D62C6F00CA6F5D /* failure.jpg in Resources */ = {isa = PBXBuildFile; fileRef = CB0CF29126D62C6F00CA6F5D /* failure.jpg */; };
		CB0CF2F626D62C6F00CA6F5D /* failure.jpg in Resources */ = {isa = PBXBuildFile; fileRef = CB0CF29126D62C6F00CA6F5D /* failure.jpg */; };
		CB0CF2F726D62C6F00CA6F5D /* seal.jpg in Resources */ = {isa = PBXBuildFile; fileRef = CB0CF29226D62C6F00CA6F5D /* seal.jpg */; };
		CB0CF2F826D62C6F00CA6F5D /* seal.jpg in Resources */ = {isa = PBXBuildFile; fileRef = CB0CF29226D62C6F00CA6F5D /* seal.jpg */; };
		CB0CF2F926D62C6F00CA6F5D /* ocean.jpg in Resources */ = {isa = PBXBuildFile; fileRef = CB0CF29326D62C6F00CA6F5D /* ocean.jpg */; };
		CB0CF2FA26D62C6F00CA6F5D /* ocean.jpg in Resources */ = {isa = PBXBuildFile; fileRef = CB0CF29326D62C6F00CA6F5D /* ocean.jpg */; };
		CB0CF2FB26D62C6F00CA6F5D /* spacex.jpg in Resources */ = {isa = PBXBuildFile; fileRef = CB0CF29426D62C6F00CA6F5D /* spacex.jpg */; };
		CB0CF2FC26D62C6F00CA6F5D /* spacex.jpg in Resources */ = {isa = PBXBuildFile; fileRef = CB0CF29426D62C6F00CA6F5D /* spacex.jpg */; };
		CB0CF2FD26D62C6F00CA6F5D /* wallst.jpg in Resources */ = {isa = PBXBuildFile; fileRef = CB0CF29526D62C6F00CA6F5D /* wallst.jpg */; };
		CB0CF2FE26D62C6F00CA6F5D /* wallst.jpg in Resources */ = {isa = PBXBuildFile; fileRef = CB0CF29526D62C6F00CA6F5D /* wallst.jpg */; };
		CB0CF2FF26D62C6F00CA6F5D /* manifestation.jpg in Resources */ = {isa = PBXBuildFile; fileRef = CB0CF29626D62C6F00CA6F5D /* manifestation.jpg */; };
		CB0CF30026D62C6F00CA6F5D /* manifestation.jpg in Resources */ = {isa = PBXBuildFile; fileRef = CB0CF29626D62C6F00CA6F5D /* manifestation.jpg */; };
		CB0CF30126D62C6F00CA6F5D /* slavery.jpg in Resources */ = {isa = PBXBuildFile; fileRef = CB0CF29726D62C6F00CA6F5D /* slavery.jpg */; };
		CB0CF30226D62C6F00CA6F5D /* slavery.jpg in Resources */ = {isa = PBXBuildFile; fileRef = CB0CF29726D62C6F00CA6F5D /* slavery.jpg */; };
		CB0CF30326D62C6F00CA6F5D /* text-styles.css in Resources */ = {isa = PBXBuildFile; fileRef = CB0CF29826D62C6F00CA6F5D /* text-styles.css */; };
		CB0CF30426D62C6F00CA6F5D /* text-styles.css in Resources */ = {isa = PBXBuildFile; fileRef = CB0CF29826D62C6F00CA6F5D /* text-styles.css */; };
		CB0CF30526D62C6F00CA6F5D /* abstractBlue.gif in Resources */ = {isa = PBXBuildFile; fileRef = CB0CF29A26D62C6F00CA6F5D /* abstractBlue.gif */; };
		CB0CF30626D62C6F00CA6F5D /* abstractBlue.gif in Resources */ = {isa = PBXBuildFile; fileRef = CB0CF29A26D62C6F00CA6F5D /* abstractBlue.gif */; };
		CB0CF30726D62C6F00CA6F5D /* grayscaleAbstract.gif in Resources */ = {isa = PBXBuildFile; fileRef = CB0CF29B26D62C6F00CA6F5D /* grayscaleAbstract.gif */; };
		CB0CF30826D62C6F00CA6F5D /* grayscaleAbstract.gif in Resources */ = {isa = PBXBuildFile; fileRef = CB0CF29B26D62C6F00CA6F5D /* grayscaleAbstract.gif */; };
		CB0CF30926D62C6F00CA6F5D /* penguin.gif in Resources */ = {isa = PBXBuildFile; fileRef = CB0CF29C26D62C6F00CA6F5D /* penguin.gif */; };
		CB0CF30A26D62C6F00CA6F5D /* penguin.gif in Resources */ = {isa = PBXBuildFile; fileRef = CB0CF29C26D62C6F00CA6F5D /* penguin.gif */; };
		CB0CF30B26D62C6F00CA6F5D /* angryBirds.gif in Resources */ = {isa = PBXBuildFile; fileRef = CB0CF29D26D62C6F00CA6F5D /* angryBirds.gif */; };
		CB0CF30C26D62C6F00CA6F5D /* angryBirds.gif in Resources */ = {isa = PBXBuildFile; fileRef = CB0CF29D26D62C6F00CA6F5D /* angryBirds.gif */; };
		CB0CF30D26D62C6F00CA6F5D /* test.gif in Resources */ = {isa = PBXBuildFile; fileRef = CB0CF29E26D62C6F00CA6F5D /* test.gif */; };
		CB0CF30E26D62C6F00CA6F5D /* test.gif in Resources */ = {isa = PBXBuildFile; fileRef = CB0CF29E26D62C6F00CA6F5D /* test.gif */; };
		CB0CF30F26D62C6F00CA6F5D /* anarchy.gif in Resources */ = {isa = PBXBuildFile; fileRef = CB0CF29F26D62C6F00CA6F5D /* anarchy.gif */; };
		CB0CF31026D62C6F00CA6F5D /* anarchy.gif in Resources */ = {isa = PBXBuildFile; fileRef = CB0CF29F26D62C6F00CA6F5D /* anarchy.gif */; };
		CB0CF31126D62C6F00CA6F5D /* gamecube.gif in Resources */ = {isa = PBXBuildFile; fileRef = CB0CF2A026D62C6F00CA6F5D /* gamecube.gif */; };
		CB0CF31226D62C6F00CA6F5D /* gamecube.gif in Resources */ = {isa = PBXBuildFile; fileRef = CB0CF2A026D62C6F00CA6F5D /* gamecube.gif */; };
		CB0CF31326D62C6F00CA6F5D /* germ.gif in Resources */ = {isa = PBXBuildFile; fileRef = CB0CF2A126D62C6F00CA6F5D /* germ.gif */; };
		CB0CF31426D62C6F00CA6F5D /* germ.gif in Resources */ = {isa = PBXBuildFile; fileRef = CB0CF2A126D62C6F00CA6F5D /* germ.gif */; };
		CB0CF31526D62C6F00CA6F5D /* sky.gif in Resources */ = {isa = PBXBuildFile; fileRef = CB0CF2A226D62C6F00CA6F5D /* sky.gif */; };
		CB0CF31626D62C6F00CA6F5D /* sky.gif in Resources */ = {isa = PBXBuildFile; fileRef = CB0CF2A226D62C6F00CA6F5D /* sky.gif */; };
		CB0CF31726D62C6F00CA6F5D /* ufo.gif in Resources */ = {isa = PBXBuildFile; fileRef = CB0CF2A326D62C6F00CA6F5D /* ufo.gif */; };
		CB0CF31826D62C6F00CA6F5D /* ufo.gif in Resources */ = {isa = PBXBuildFile; fileRef = CB0CF2A326D62C6F00CA6F5D /* ufo.gif */; };
		CB0CF31926D62C6F00CA6F5D /* lofiMountain.gif in Resources */ = {isa = PBXBuildFile; fileRef = CB0CF2A426D62C6F00CA6F5D /* lofiMountain.gif */; };
		CB0CF31A26D62C6F00CA6F5D /* lofiMountain.gif in Resources */ = {isa = PBXBuildFile; fileRef = CB0CF2A426D62C6F00CA6F5D /* lofiMountain.gif */; };
		CB0CF31B26D62C6F00CA6F5D /* money.gif in Resources */ = {isa = PBXBuildFile; fileRef = CB0CF2A526D62C6F00CA6F5D /* money.gif */; };
		CB0CF31C26D62C6F00CA6F5D /* money.gif in Resources */ = {isa = PBXBuildFile; fileRef = CB0CF2A526D62C6F00CA6F5D /* money.gif */; };
		CB0CF31D26D62C6F00CA6F5D /* binary.gif in Resources */ = {isa = PBXBuildFile; fileRef = CB0CF2A626D62C6F00CA6F5D /* binary.gif */; };
		CB0CF31E26D62C6F00CA6F5D /* binary.gif in Resources */ = {isa = PBXBuildFile; fileRef = CB0CF2A626D62C6F00CA6F5D /* binary.gif */; };
		CB0CF31F26D62C6F00CA6F5D /* diamond.gif in Resources */ = {isa = PBXBuildFile; fileRef = CB0CF2A726D62C6F00CA6F5D /* diamond.gif */; };
		CB0CF32026D62C6F00CA6F5D /* diamond.gif in Resources */ = {isa = PBXBuildFile; fileRef = CB0CF2A726D62C6F00CA6F5D /* diamond.gif */; };
		CB0CF32126D62C6F00CA6F5D /* sky2.gif in Resources */ = {isa = PBXBuildFile; fileRef = CB0CF2A826D62C6F00CA6F5D /* sky2.gif */; };
		CB0CF32226D62C6F00CA6F5D /* sky2.gif in Resources */ = {isa = PBXBuildFile; fileRef = CB0CF2A826D62C6F00CA6F5D /* sky2.gif */; };
		CB0CF32326D62C6F00CA6F5D /* blackDot.gif in Resources */ = {isa = PBXBuildFile; fileRef = CB0CF2A926D62C6F00CA6F5D /* blackDot.gif */; };
		CB0CF32426D62C6F00CA6F5D /* blackDot.gif in Resources */ = {isa = PBXBuildFile; fileRef = CB0CF2A926D62C6F00CA6F5D /* blackDot.gif */; };
		CB0CF32526D62C6F00CA6F5D /* star.gif in Resources */ = {isa = PBXBuildFile; fileRef = CB0CF2AA26D62C6F00CA6F5D /* star.gif */; };
		CB0CF32626D62C6F00CA6F5D /* star.gif in Resources */ = {isa = PBXBuildFile; fileRef = CB0CF2AA26D62C6F00CA6F5D /* star.gif */; };
		CB0CF32726D62C6F00CA6F5D /* liftoff.gif in Resources */ = {isa = PBXBuildFile; fileRef = CB0CF2AB26D62C6F00CA6F5D /* liftoff.gif */; };
		CB0CF32826D62C6F00CA6F5D /* liftoff.gif in Resources */ = {isa = PBXBuildFile; fileRef = CB0CF2AB26D62C6F00CA6F5D /* liftoff.gif */; };
		CB0CF32926D62C6F00CA6F5D /* rainbowDrop.gif in Resources */ = {isa = PBXBuildFile; fileRef = CB0CF2AC26D62C6F00CA6F5D /* rainbowDrop.gif */; };
		CB0CF32A26D62C6F00CA6F5D /* rainbowDrop.gif in Resources */ = {isa = PBXBuildFile; fileRef = CB0CF2AC26D62C6F00CA6F5D /* rainbowDrop.gif */; };
		CB0CF32B26D62C6F00CA6F5D /* skyBreakingBad.gif in Resources */ = {isa = PBXBuildFile; fileRef = CB0CF2AD26D62C6F00CA6F5D /* skyBreakingBad.gif */; };
		CB0CF32C26D62C6F00CA6F5D /* skyBreakingBad.gif in Resources */ = {isa = PBXBuildFile; fileRef = CB0CF2AD26D62C6F00CA6F5D /* skyBreakingBad.gif */; };
		CB0CF32D26D62C6F00CA6F5D /* octopusAbstract.gif in Resources */ = {isa = PBXBuildFile; fileRef = CB0CF2AE26D62C6F00CA6F5D /* octopusAbstract.gif */; };
		CB0CF32E26D62C6F00CA6F5D /* octopusAbstract.gif in Resources */ = {isa = PBXBuildFile; fileRef = CB0CF2AE26D62C6F00CA6F5D /* octopusAbstract.gif */; };
		CB0CF32F26D62C6F00CA6F5D /* fire.gif in Resources */ = {isa = PBXBuildFile; fileRef = CB0CF2AF26D62C6F00CA6F5D /* fire.gif */; };
		CB0CF33026D62C6F00CA6F5D /* fire.gif in Resources */ = {isa = PBXBuildFile; fileRef = CB0CF2AF26D62C6F00CA6F5D /* fire.gif */; };
		CB0CF33126D62C6F00CA6F5D /* yellow.gif in Resources */ = {isa = PBXBuildFile; fileRef = CB0CF2B026D62C6F00CA6F5D /* yellow.gif */; };
		CB0CF33226D62C6F00CA6F5D /* yellow.gif in Resources */ = {isa = PBXBuildFile; fileRef = CB0CF2B026D62C6F00CA6F5D /* yellow.gif */; };
		CB0CF33326D62C6F00CA6F5D /* grayWave.gif in Resources */ = {isa = PBXBuildFile; fileRef = CB0CF2B126D62C6F00CA6F5D /* grayWave.gif */; };
		CB0CF33426D62C6F00CA6F5D /* grayWave.gif in Resources */ = {isa = PBXBuildFile; fileRef = CB0CF2B126D62C6F00CA6F5D /* grayWave.gif */; };
		CB0CF33526D62C6F00CA6F5D /* trek.gif in Resources */ = {isa = PBXBuildFile; fileRef = CB0CF2B226D62C6F00CA6F5D /* trek.gif */; };
		CB0CF33626D62C6F00CA6F5D /* trek.gif in Resources */ = {isa = PBXBuildFile; fileRef = CB0CF2B226D62C6F00CA6F5D /* trek.gif */; };
		CB0CF33726D62C6F00CA6F5D /* vertical.gif in Resources */ = {isa = PBXBuildFile; fileRef = CB0CF2B326D62C6F00CA6F5D /* vertical.gif */; };
		CB0CF33826D62C6F00CA6F5D /* vertical.gif in Resources */ = {isa = PBXBuildFile; fileRef = CB0CF2B326D62C6F00CA6F5D /* vertical.gif */; };
		CB0CF33926D62C6F00CA6F5D /* candyMountain.gif in Resources */ = {isa = PBXBuildFile; fileRef = CB0CF2B426D62C6F00CA6F5D /* candyMountain.gif */; };
		CB0CF33A26D62C6F00CA6F5D /* candyMountain.gif in Resources */ = {isa = PBXBuildFile; fileRef = CB0CF2B426D62C6F00CA6F5D /* candyMountain.gif */; };
		CB0CF33B26D62C6F00CA6F5D /* jaws.gif in Resources */ = {isa = PBXBuildFile; fileRef = CB0CF2B526D62C6F00CA6F5D /* jaws.gif */; };
		CB0CF33C26D62C6F00CA6F5D /* jaws.gif in Resources */ = {isa = PBXBuildFile; fileRef = CB0CF2B526D62C6F00CA6F5D /* jaws.gif */; };
		CB0CF33D26D62C6F00CA6F5D /* butterfly.gif in Resources */ = {isa = PBXBuildFile; fileRef = CB0CF2B626D62C6F00CA6F5D /* butterfly.gif */; };
		CB0CF33E26D62C6F00CA6F5D /* butterfly.gif in Resources */ = {isa = PBXBuildFile; fileRef = CB0CF2B626D62C6F00CA6F5D /* butterfly.gif */; };
		CB0CF33F26D62C6F00CA6F5D /* snow.gif in Resources */ = {isa = PBXBuildFile; fileRef = CB0CF2B726D62C6F00CA6F5D /* snow.gif */; };
		CB0CF34026D62C6F00CA6F5D /* snow.gif in Resources */ = {isa = PBXBuildFile; fileRef = CB0CF2B726D62C6F00CA6F5D /* snow.gif */; };
		CB0CF34126D62C6F00CA6F5D /* mug.gif in Resources */ = {isa = PBXBuildFile; fileRef = CB0CF2B826D62C6F00CA6F5D /* mug.gif */; };
		CB0CF34226D62C6F00CA6F5D /* mug.gif in Resources */ = {isa = PBXBuildFile; fileRef = CB0CF2B826D62C6F00CA6F5D /* mug.gif */; };
		CB0CF34326D62C6F00CA6F5D /* lightspeed.gif in Resources */ = {isa = PBXBuildFile; fileRef = CB0CF2B926D62C6F00CA6F5D /* lightspeed.gif */; };
		CB0CF34426D62C6F00CA6F5D /* lightspeed.gif in Resources */ = {isa = PBXBuildFile; fileRef = CB0CF2B926D62C6F00CA6F5D /* lightspeed.gif */; };
		CB0CF34526D62C6F00CA6F5D /* bg-styles.css in Resources */ = {isa = PBXBuildFile; fileRef = CB0CF2BA26D62C6F00CA6F5D /* bg-styles.css */; };
		CB0CF34626D62C6F00CA6F5D /* bg-styles.css in Resources */ = {isa = PBXBuildFile; fileRef = CB0CF2BA26D62C6F00CA6F5D /* bg-styles.css */; };
		CB94C67F26E7E7D50097498E /* images in Resources */ = {isa = PBXBuildFile; fileRef = CB94C67E26E7E7D50097498E /* images */; };
		CB94C68026E7E7D50097498E /* images in Resources */ = {isa = PBXBuildFile; fileRef = CB94C67E26E7E7D50097498E /* images */; };
		CB9740EB26D829A500666F8A /* Icon.png in Resources */ = {isa = PBXBuildFile; fileRef = CB9740EA26D829A500666F8A /* Icon.png */; };
		CB9740EC26D829A500666F8A /* Icon.png in Resources */ = {isa = PBXBuildFile; fileRef = CB9740EA26D829A500666F8A /* Icon.png */; };
/* End PBXBuildFile section */

/* Begin PBXContainerItemProxy section */
		CB0CF23726D6299D00CA6F5D /* PBXContainerItemProxy */ = {
			isa = PBXContainerItemProxy;
			containerPortal = CB0CF1FB26D6299B00CA6F5D /* Project object */;
			proxyType = 1;
			remoteGlobalIDString = CB0CF23426D6299D00CA6F5D;
			remoteInfo = "InspoTab Extension (iOS)";
		};
		CB0CF24126D6299D00CA6F5D /* PBXContainerItemProxy */ = {
			isa = PBXContainerItemProxy;
			containerPortal = CB0CF1FB26D6299B00CA6F5D /* Project object */;
			proxyType = 1;
			remoteGlobalIDString = CB0CF23E26D6299D00CA6F5D;
			remoteInfo = "InspoTab Extension (macOS)";
		};
/* End PBXContainerItemProxy section */

/* Begin PBXCopyFilesBuildPhase section */
		CB0CF26826D6299D00CA6F5D /* Embed App Extensions */ = {
			isa = PBXCopyFilesBuildPhase;
			buildActionMask = 2147483647;
			dstPath = "";
			dstSubfolderSpec = 13;
			files = (
				CB0CF23626D6299D00CA6F5D /* InspoTab Extension.appex in Embed App Extensions */,
			);
			name = "Embed App Extensions";
			runOnlyForDeploymentPostprocessing = 0;
		};
		CB0CF26F26D6299D00CA6F5D /* Embed App Extensions */ = {
			isa = PBXCopyFilesBuildPhase;
			buildActionMask = 2147483647;
			dstPath = "";
			dstSubfolderSpec = 13;
			files = (
				CB0CF24026D6299D00CA6F5D /* InspoTab Extension.appex in Embed App Extensions */,
			);
			name = "Embed App Extensions";
			runOnlyForDeploymentPostprocessing = 0;
		};
/* End PBXCopyFilesBuildPhase section */

/* Begin PBXFileReference section */
		6EFD225126EDD7CB006B5663 /* InspoTab--macOS--Info.plist */ = {isa = PBXFileReference; lastKnownFileType = text.plist; path = "InspoTab--macOS--Info.plist"; sourceTree = "<group>"; };
		6EFD225526EE78E4006B5663 /* backgroundBugFix.js */ = {isa = PBXFileReference; fileEncoding = 4; lastKnownFileType = sourcecode.javascript; path = backgroundBugFix.js; sourceTree = "<group>"; };
		CB0CF20226D6299B00CA6F5D /* Base */ = {isa = PBXFileReference; lastKnownFileType = text.html; name = Base; path = ../Base.lproj/Main.html; sourceTree = "<group>"; };
		CB0CF20426D6299B00CA6F5D /* Style.css */ = {isa = PBXFileReference; lastKnownFileType = text.css; path = Style.css; sourceTree = "<group>"; };
		CB0CF20526D6299B00CA6F5D /* Script.js */ = {isa = PBXFileReference; lastKnownFileType = sourcecode.javascript; path = Script.js; sourceTree = "<group>"; };
		CB0CF20626D6299B00CA6F5D /* ViewController.swift */ = {isa = PBXFileReference; lastKnownFileType = sourcecode.swift; path = ViewController.swift; sourceTree = "<group>"; };
		CB0CF20726D6299D00CA6F5D /* Assets.xcassets */ = {isa = PBXFileReference; lastKnownFileType = folder.assetcatalog; path = Assets.xcassets; sourceTree = "<group>"; };
		CB0CF20926D6299D00CA6F5D /* SafariWebExtensionHandler.swift */ = {isa = PBXFileReference; lastKnownFileType = sourcecode.swift; path = SafariWebExtensionHandler.swift; sourceTree = "<group>"; };
		CB0CF20B26D6299D00CA6F5D /* _locales */ = {isa = PBXFileReference; lastKnownFileType = folder; path = _locales; sourceTree = "<group>"; };
		CB0CF20D26D6299D00CA6F5D /* manifest.json */ = {isa = PBXFileReference; lastKnownFileType = text.json; path = manifest.json; sourceTree = "<group>"; };
		CB0CF21726D6299D00CA6F5D /* InspoTab.app */ = {isa = PBXFileReference; explicitFileType = wrapper.application; includeInIndex = 0; path = InspoTab.app; sourceTree = BUILT_PRODUCTS_DIR; };
		CB0CF21A26D6299D00CA6F5D /* AppDelegate.swift */ = {isa = PBXFileReference; lastKnownFileType = sourcecode.swift; path = AppDelegate.swift; sourceTree = "<group>"; };
		CB0CF21C26D6299D00CA6F5D /* SceneDelegate.swift */ = {isa = PBXFileReference; lastKnownFileType = sourcecode.swift; path = SceneDelegate.swift; sourceTree = "<group>"; };
		CB0CF21F26D6299D00CA6F5D /* Base */ = {isa = PBXFileReference; lastKnownFileType = file.storyboard; name = Base; path = Base.lproj/LaunchScreen.storyboard; sourceTree = "<group>"; };
		CB0CF22226D6299D00CA6F5D /* Base */ = {isa = PBXFileReference; lastKnownFileType = file.storyboard; name = Base; path = Base.lproj/Main.storyboard; sourceTree = "<group>"; };
		CB0CF22426D6299D00CA6F5D /* Info.plist */ = {isa = PBXFileReference; lastKnownFileType = text.plist.xml; path = Info.plist; sourceTree = "<group>"; };
		CB0CF22926D6299D00CA6F5D /* InspoTab.app */ = {isa = PBXFileReference; explicitFileType = wrapper.application; includeInIndex = 0; path = InspoTab.app; sourceTree = BUILT_PRODUCTS_DIR; };
		CB0CF22B26D6299D00CA6F5D /* AppDelegate.swift */ = {isa = PBXFileReference; lastKnownFileType = sourcecode.swift; path = AppDelegate.swift; sourceTree = "<group>"; };
		CB0CF22E26D6299D00CA6F5D /* Base */ = {isa = PBXFileReference; lastKnownFileType = file.storyboard; name = Base; path = Base.lproj/Main.storyboard; sourceTree = "<group>"; };
		CB0CF23026D6299D00CA6F5D /* InspoTab.entitlements */ = {isa = PBXFileReference; lastKnownFileType = text.plist.entitlements; path = InspoTab.entitlements; sourceTree = "<group>"; };
		CB0CF23526D6299D00CA6F5D /* InspoTab Extension.appex */ = {isa = PBXFileReference; explicitFileType = "wrapper.app-extension"; includeInIndex = 0; path = "InspoTab Extension.appex"; sourceTree = BUILT_PRODUCTS_DIR; };
		CB0CF23A26D6299D00CA6F5D /* Info.plist */ = {isa = PBXFileReference; lastKnownFileType = text.plist.xml; path = Info.plist; sourceTree = "<group>"; };
		CB0CF23F26D6299D00CA6F5D /* InspoTab Extension.appex */ = {isa = PBXFileReference; explicitFileType = "wrapper.app-extension"; includeInIndex = 0; path = "InspoTab Extension.appex"; sourceTree = BUILT_PRODUCTS_DIR; };
		CB0CF24426D6299D00CA6F5D /* Info.plist */ = {isa = PBXFileReference; lastKnownFileType = text.plist.xml; path = Info.plist; sourceTree = "<group>"; };
		CB0CF27326D62C6F00CA6F5D /* index.html */ = {isa = PBXFileReference; fileEncoding = 4; lastKnownFileType = text.html; path = index.html; sourceTree = "<group>"; };
		CB0CF27426D62C6F00CA6F5D /* script.js */ = {isa = PBXFileReference; fileEncoding = 4; lastKnownFileType = sourcecode.javascript; path = script.js; sourceTree = "<group>"; };
		CB0CF27626D62C6F00CA6F5D /* internet.jpg */ = {isa = PBXFileReference; lastKnownFileType = image.jpeg; path = internet.jpg; sourceTree = "<group>"; };
		CB0CF27726D62C6F00CA6F5D /* ebola.jpg */ = {isa = PBXFileReference; lastKnownFileType = image.jpeg; path = ebola.jpg; sourceTree = "<group>"; };
		CB0CF27826D62C6F00CA6F5D /* progress.jpg */ = {isa = PBXFileReference; lastKnownFileType = image.jpeg; path = progress.jpg; sourceTree = "<group>"; };
		CB0CF27926D62C6F00CA6F5D /* bieber.jpg */ = {isa = PBXFileReference; lastKnownFileType = image.jpeg; path = bieber.jpg; sourceTree = "<group>"; };
		CB0CF27A26D62C6F00CA6F5D /* brutalism.jpg */ = {isa = PBXFileReference; lastKnownFileType = image.jpeg; path = brutalism.jpg; sourceTree = "<group>"; };
		CB0CF27B26D62C6F00CA6F5D /* fly.jpg */ = {isa = PBXFileReference; lastKnownFileType = image.jpeg; path = fly.jpg; sourceTree = "<group>"; };
		CB0CF27C26D62C6F00CA6F5D /* procrastinate.jpg */ = {isa = PBXFileReference; lastKnownFileType = image.jpeg; path = procrastinate.jpg; sourceTree = "<group>"; };
		CB0CF27D26D62C6F00CA6F5D /* city.jpg */ = {isa = PBXFileReference; lastKnownFileType = image.jpeg; path = city.jpg; sourceTree = "<group>"; };
		CB0CF27E26D62C6F00CA6F5D /* peak.jpg */ = {isa = PBXFileReference; lastKnownFileType = image.jpeg; path = peak.jpg; sourceTree = "<group>"; };
		CB0CF27F26D62C6F00CA6F5D /* mistake.jpg */ = {isa = PBXFileReference; lastKnownFileType = image.jpeg; path = mistake.jpg; sourceTree = "<group>"; };
		CB0CF28026D62C6F00CA6F5D /* bird.jpg */ = {isa = PBXFileReference; lastKnownFileType = image.jpeg; path = bird.jpg; sourceTree = "<group>"; };
		CB0CF28126D62C6F00CA6F5D /* ostrich.jpg */ = {isa = PBXFileReference; lastKnownFileType = image.jpeg; path = ostrich.jpg; sourceTree = "<group>"; };
		CB0CF28226D62C6F00CA6F5D /* flight.jpg */ = {isa = PBXFileReference; lastKnownFileType = image.jpeg; path = flight.jpg; sourceTree = "<group>"; };
		CB0CF28326D62C6F00CA6F5D /* mower.jpg */ = {isa = PBXFileReference; lastKnownFileType = image.jpeg; path = mower.jpg; sourceTree = "<group>"; };
		CB0CF28426D62C6F00CA6F5D /* disappointment.jpg */ = {isa = PBXFileReference; lastKnownFileType = image.jpeg; path = disappointment.jpg; sourceTree = "<group>"; };
		CB0CF28526D62C6F00CA6F5D /* distraction.jpg */ = {isa = PBXFileReference; lastKnownFileType = image.jpeg; path = distraction.jpg; sourceTree = "<group>"; };
		CB0CF28626D62C6F00CA6F5D /* raindrops.jpg */ = {isa = PBXFileReference; lastKnownFileType = image.jpeg; path = raindrops.jpg; sourceTree = "<group>"; };
		CB0CF28726D62C6F00CA6F5D /* anarchy.jpg */ = {isa = PBXFileReference; lastKnownFileType = image.jpeg; path = anarchy.jpg; sourceTree = "<group>"; };
		CB0CF28826D62C6F00CA6F5D /* humility.jpg */ = {isa = PBXFileReference; lastKnownFileType = image.jpeg; path = humility.jpg; sourceTree = "<group>"; };
		CB0CF28926D62C6F00CA6F5D /* penguin.jpg */ = {isa = PBXFileReference; lastKnownFileType = image.jpeg; path = penguin.jpg; sourceTree = "<group>"; };
		CB0CF28A26D62C6F00CA6F5D /* invalid.jpg */ = {isa = PBXFileReference; lastKnownFileType = image.jpeg; path = invalid.jpg; sourceTree = "<group>"; };
		CB0CF28B26D62C6F00CA6F5D /* startrek.jpg */ = {isa = PBXFileReference; lastKnownFileType = image.jpeg; path = startrek.jpg; sourceTree = "<group>"; };
		CB0CF28C26D62C6F00CA6F5D /* carpe.jpg */ = {isa = PBXFileReference; lastKnownFileType = image.jpeg; path = carpe.jpg; sourceTree = "<group>"; };
		CB0CF28D26D62C6F00CA6F5D /* success.jpg */ = {isa = PBXFileReference; lastKnownFileType = image.jpeg; path = success.jpg; sourceTree = "<group>"; };
		CB0CF28E26D62C6F00CA6F5D /* diamond.jpg */ = {isa = PBXFileReference; lastKnownFileType = image.jpeg; path = diamond.jpg; sourceTree = "<group>"; };
		CB0CF29026D62C6F00CA6F5D /* idea.jpg */ = {isa = PBXFileReference; lastKnownFileType = image.jpeg; path = idea.jpg; sourceTree = "<group>"; };
		CB0CF29126D62C6F00CA6F5D /* failure.jpg */ = {isa = PBXFileReference; lastKnownFileType = image.jpeg; path = failure.jpg; sourceTree = "<group>"; };
		CB0CF29226D62C6F00CA6F5D /* seal.jpg */ = {isa = PBXFileReference; lastKnownFileType = image.jpeg; path = seal.jpg; sourceTree = "<group>"; };
		CB0CF29326D62C6F00CA6F5D /* ocean.jpg */ = {isa = PBXFileReference; lastKnownFileType = image.jpeg; path = ocean.jpg; sourceTree = "<group>"; };
		CB0CF29426D62C6F00CA6F5D /* spacex.jpg */ = {isa = PBXFileReference; lastKnownFileType = image.jpeg; path = spacex.jpg; sourceTree = "<group>"; };
		CB0CF29526D62C6F00CA6F5D /* wallst.jpg */ = {isa = PBXFileReference; lastKnownFileType = image.jpeg; path = wallst.jpg; sourceTree = "<group>"; };
		CB0CF29626D62C6F00CA6F5D /* manifestation.jpg */ = {isa = PBXFileReference; lastKnownFileType = image.jpeg; path = manifestation.jpg; sourceTree = "<group>"; };
		CB0CF29726D62C6F00CA6F5D /* slavery.jpg */ = {isa = PBXFileReference; lastKnownFileType = image.jpeg; path = slavery.jpg; sourceTree = "<group>"; };
		CB0CF29826D62C6F00CA6F5D /* text-styles.css */ = {isa = PBXFileReference; fileEncoding = 4; lastKnownFileType = text.css; path = "text-styles.css"; sourceTree = "<group>"; };
		CB0CF29A26D62C6F00CA6F5D /* abstractBlue.gif */ = {isa = PBXFileReference; lastKnownFileType = image.gif; path = abstractBlue.gif; sourceTree = "<group>"; };
		CB0CF29B26D62C6F00CA6F5D /* grayscaleAbstract.gif */ = {isa = PBXFileReference; lastKnownFileType = image.gif; path = grayscaleAbstract.gif; sourceTree = "<group>"; };
		CB0CF29C26D62C6F00CA6F5D /* penguin.gif */ = {isa = PBXFileReference; lastKnownFileType = image.gif; path = penguin.gif; sourceTree = "<group>"; };
		CB0CF29D26D62C6F00CA6F5D /* angryBirds.gif */ = {isa = PBXFileReference; lastKnownFileType = image.gif; path = angryBirds.gif; sourceTree = "<group>"; };
		CB0CF29E26D62C6F00CA6F5D /* test.gif */ = {isa = PBXFileReference; lastKnownFileType = image.gif; path = test.gif; sourceTree = "<group>"; };
		CB0CF29F26D62C6F00CA6F5D /* anarchy.gif */ = {isa = PBXFileReference; lastKnownFileType = image.gif; path = anarchy.gif; sourceTree = "<group>"; };
		CB0CF2A026D62C6F00CA6F5D /* gamecube.gif */ = {isa = PBXFileReference; lastKnownFileType = image.gif; path = gamecube.gif; sourceTree = "<group>"; };
		CB0CF2A126D62C6F00CA6F5D /* germ.gif */ = {isa = PBXFileReference; lastKnownFileType = image.gif; path = germ.gif; sourceTree = "<group>"; };
		CB0CF2A226D62C6F00CA6F5D /* sky.gif */ = {isa = PBXFileReference; lastKnownFileType = image.gif; path = sky.gif; sourceTree = "<group>"; };
		CB0CF2A326D62C6F00CA6F5D /* ufo.gif */ = {isa = PBXFileReference; lastKnownFileType = image.gif; path = ufo.gif; sourceTree = "<group>"; };
		CB0CF2A426D62C6F00CA6F5D /* lofiMountain.gif */ = {isa = PBXFileReference; lastKnownFileType = image.gif; path = lofiMountain.gif; sourceTree = "<group>"; };
		CB0CF2A526D62C6F00CA6F5D /* money.gif */ = {isa = PBXFileReference; lastKnownFileType = image.gif; path = money.gif; sourceTree = "<group>"; };
		CB0CF2A626D62C6F00CA6F5D /* binary.gif */ = {isa = PBXFileReference; lastKnownFileType = image.gif; path = binary.gif; sourceTree = "<group>"; };
		CB0CF2A726D62C6F00CA6F5D /* diamond.gif */ = {isa = PBXFileReference; lastKnownFileType = image.gif; path = diamond.gif; sourceTree = "<group>"; };
		CB0CF2A826D62C6F00CA6F5D /* sky2.gif */ = {isa = PBXFileReference; lastKnownFileType = image.gif; path = sky2.gif; sourceTree = "<group>"; };
		CB0CF2A926D62C6F00CA6F5D /* blackDot.gif */ = {isa = PBXFileReference; lastKnownFileType = image.gif; path = blackDot.gif; sourceTree = "<group>"; };
		CB0CF2AA26D62C6F00CA6F5D /* star.gif */ = {isa = PBXFileReference; lastKnownFileType = image.gif; path = star.gif; sourceTree = "<group>"; };
		CB0CF2AB26D62C6F00CA6F5D /* liftoff.gif */ = {isa = PBXFileReference; lastKnownFileType = image.gif; path = liftoff.gif; sourceTree = "<group>"; };
		CB0CF2AC26D62C6F00CA6F5D /* rainbowDrop.gif */ = {isa = PBXFileReference; lastKnownFileType = image.gif; path = rainbowDrop.gif; sourceTree = "<group>"; };
		CB0CF2AD26D62C6F00CA6F5D /* skyBreakingBad.gif */ = {isa = PBXFileReference; lastKnownFileType = image.gif; path = skyBreakingBad.gif; sourceTree = "<group>"; };
		CB0CF2AE26D62C6F00CA6F5D /* octopusAbstract.gif */ = {isa = PBXFileReference; lastKnownFileType = image.gif; path = octopusAbstract.gif; sourceTree = "<group>"; };
		CB0CF2AF26D62C6F00CA6F5D /* fire.gif */ = {isa = PBXFileReference; lastKnownFileType = image.gif; path = fire.gif; sourceTree = "<group>"; };
		CB0CF2B026D62C6F00CA6F5D /* yellow.gif */ = {isa = PBXFileReference; lastKnownFileType = image.gif; path = yellow.gif; sourceTree = "<group>"; };
		CB0CF2B126D62C6F00CA6F5D /* grayWave.gif */ = {isa = PBXFileReference; lastKnownFileType = image.gif; path = grayWave.gif; sourceTree = "<group>"; };
		CB0CF2B226D62C6F00CA6F5D /* trek.gif */ = {isa = PBXFileReference; lastKnownFileType = image.gif; path = trek.gif; sourceTree = "<group>"; };
		CB0CF2B326D62C6F00CA6F5D /* vertical.gif */ = {isa = PBXFileReference; lastKnownFileType = image.gif; path = vertical.gif; sourceTree = "<group>"; };
		CB0CF2B426D62C6F00CA6F5D /* candyMountain.gif */ = {isa = PBXFileReference; lastKnownFileType = image.gif; path = candyMountain.gif; sourceTree = "<group>"; };
		CB0CF2B526D62C6F00CA6F5D /* jaws.gif */ = {isa = PBXFileReference; lastKnownFileType = image.gif; path = jaws.gif; sourceTree = "<group>"; };
		CB0CF2B626D62C6F00CA6F5D /* butterfly.gif */ = {isa = PBXFileReference; lastKnownFileType = image.gif; path = butterfly.gif; sourceTree = "<group>"; };
		CB0CF2B726D62C6F00CA6F5D /* snow.gif */ = {isa = PBXFileReference; lastKnownFileType = image.gif; path = snow.gif; sourceTree = "<group>"; };
		CB0CF2B826D62C6F00CA6F5D /* mug.gif */ = {isa = PBXFileReference; lastKnownFileType = image.gif; path = mug.gif; sourceTree = "<group>"; };
		CB0CF2B926D62C6F00CA6F5D /* lightspeed.gif */ = {isa = PBXFileReference; lastKnownFileType = image.gif; path = lightspeed.gif; sourceTree = "<group>"; };
		CB0CF2BA26D62C6F00CA6F5D /* bg-styles.css */ = {isa = PBXFileReference; fileEncoding = 4; lastKnownFileType = text.css; path = "bg-styles.css"; sourceTree = "<group>"; };
		CB94C67E26E7E7D50097498E /* images */ = {isa = PBXFileReference; lastKnownFileType = folder; path = images; sourceTree = "<group>"; };
		CB9740EA26D829A500666F8A /* Icon.png */ = {isa = PBXFileReference; lastKnownFileType = image.png; path = Icon.png; sourceTree = "<group>"; };
/* End PBXFileReference section */

/* Begin PBXFrameworksBuildPhase section */
		CB0CF21426D6299D00CA6F5D /* Frameworks */ = {
			isa = PBXFrameworksBuildPhase;
			buildActionMask = 2147483647;
			files = (
			);
			runOnlyForDeploymentPostprocessing = 0;
		};
		CB0CF22626D6299D00CA6F5D /* Frameworks */ = {
			isa = PBXFrameworksBuildPhase;
			buildActionMask = 2147483647;
			files = (
			);
			runOnlyForDeploymentPostprocessing = 0;
		};
		CB0CF23226D6299D00CA6F5D /* Frameworks */ = {
			isa = PBXFrameworksBuildPhase;
			buildActionMask = 2147483647;
			files = (
			);
			runOnlyForDeploymentPostprocessing = 0;
		};
		CB0CF23C26D6299D00CA6F5D /* Frameworks */ = {
			isa = PBXFrameworksBuildPhase;
			buildActionMask = 2147483647;
			files = (
			);
			runOnlyForDeploymentPostprocessing = 0;
		};
/* End PBXFrameworksBuildPhase section */

/* Begin PBXGroup section */
		CB0CF1FA26D6299B00CA6F5D = {
			isa = PBXGroup;
			children = (
				6EFD225126EDD7CB006B5663 /* InspoTab--macOS--Info.plist */,
				CB0CF1FF26D6299B00CA6F5D /* Shared (App) */,
				CB0CF20826D6299D00CA6F5D /* Shared (Extension) */,
				CB0CF21926D6299D00CA6F5D /* iOS (App) */,
				CB0CF22A26D6299D00CA6F5D /* macOS (App) */,
				CB0CF23926D6299D00CA6F5D /* iOS (Extension) */,
				CB0CF24326D6299D00CA6F5D /* macOS (Extension) */,
				CB0CF21826D6299D00CA6F5D /* Products */,
			);
			sourceTree = "<group>";
		};
		CB0CF1FF26D6299B00CA6F5D /* Shared (App) */ = {
			isa = PBXGroup;
			children = (
				CB0CF20626D6299B00CA6F5D /* ViewController.swift */,
				CB0CF20726D6299D00CA6F5D /* Assets.xcassets */,
				CB0CF20026D6299B00CA6F5D /* Resources */,
			);
			path = "Shared (App)";
			sourceTree = "<group>";
		};
		CB0CF20026D6299B00CA6F5D /* Resources */ = {
			isa = PBXGroup;
			children = (
				CB0CF20126D6299B00CA6F5D /* Main.html */,
				CB9740EA26D829A500666F8A /* Icon.png */,
				CB0CF20426D6299B00CA6F5D /* Style.css */,
				CB0CF20526D6299B00CA6F5D /* Script.js */,
			);
			path = Resources;
			sourceTree = "<group>";
		};
		CB0CF20826D6299D00CA6F5D /* Shared (Extension) */ = {
			isa = PBXGroup;
			children = (
				CB0CF20926D6299D00CA6F5D /* SafariWebExtensionHandler.swift */,
				CB0CF20A26D6299D00CA6F5D /* Resources */,
			);
			path = "Shared (Extension)";
			sourceTree = "<group>";
		};
		CB0CF20A26D6299D00CA6F5D /* Resources */ = {
			isa = PBXGroup;
			children = (
				CB0CF20B26D6299D00CA6F5D /* _locales */,
				CB94C67E26E7E7D50097498E /* images */,
				CB0CF29926D62C6F00CA6F5D /* gifs */,
				CB0CF20D26D6299D00CA6F5D /* manifest.json */,
				CB0CF27526D62C6F00CA6F5D /* backgrounds */,
				CB0CF27326D62C6F00CA6F5D /* index.html */,
				6EFD225526EE78E4006B5663 /* backgroundBugFix.js */,
				CB0CF27426D62C6F00CA6F5D /* script.js */,
				CB0CF2BA26D62C6F00CA6F5D /* bg-styles.css */,
				CB0CF29826D62C6F00CA6F5D /* text-styles.css */,
			);
			path = Resources;
			sourceTree = "<group>";
		};
		CB0CF21826D6299D00CA6F5D /* Products */ = {
			isa = PBXGroup;
			children = (
				CB0CF21726D6299D00CA6F5D /* InspoTab.app */,
				CB0CF22926D6299D00CA6F5D /* InspoTab.app */,
				CB0CF23526D6299D00CA6F5D /* InspoTab Extension.appex */,
				CB0CF23F26D6299D00CA6F5D /* InspoTab Extension.appex */,
			);
			name = Products;
			sourceTree = "<group>";
		};
		CB0CF21926D6299D00CA6F5D /* iOS (App) */ = {
			isa = PBXGroup;
			children = (
				CB0CF21A26D6299D00CA6F5D /* AppDelegate.swift */,
				CB0CF21C26D6299D00CA6F5D /* SceneDelegate.swift */,
				CB0CF21E26D6299D00CA6F5D /* LaunchScreen.storyboard */,
				CB0CF22126D6299D00CA6F5D /* Main.storyboard */,
				CB0CF22426D6299D00CA6F5D /* Info.plist */,
			);
			path = "iOS (App)";
			sourceTree = "<group>";
		};
		CB0CF22A26D6299D00CA6F5D /* macOS (App) */ = {
			isa = PBXGroup;
			children = (
				CB0CF22B26D6299D00CA6F5D /* AppDelegate.swift */,
				CB0CF22D26D6299D00CA6F5D /* Main.storyboard */,
				CB0CF23026D6299D00CA6F5D /* InspoTab.entitlements */,
			);
			path = "macOS (App)";
			sourceTree = "<group>";
		};
		CB0CF23926D6299D00CA6F5D /* iOS (Extension) */ = {
			isa = PBXGroup;
			children = (
				CB0CF23A26D6299D00CA6F5D /* Info.plist */,
			);
			path = "iOS (Extension)";
			sourceTree = "<group>";
		};
		CB0CF24326D6299D00CA6F5D /* macOS (Extension) */ = {
			isa = PBXGroup;
			children = (
				CB0CF24426D6299D00CA6F5D /* Info.plist */,
			);
			path = "macOS (Extension)";
			sourceTree = "<group>";
		};
		CB0CF27526D62C6F00CA6F5D /* backgrounds */ = {
			isa = PBXGroup;
			children = (
				CB0CF27626D62C6F00CA6F5D /* internet.jpg */,
				CB0CF27726D62C6F00CA6F5D /* ebola.jpg */,
				CB0CF27826D62C6F00CA6F5D /* progress.jpg */,
				CB0CF27926D62C6F00CA6F5D /* bieber.jpg */,
				CB0CF27A26D62C6F00CA6F5D /* brutalism.jpg */,
				CB0CF27B26D62C6F00CA6F5D /* fly.jpg */,
				CB0CF27C26D62C6F00CA6F5D /* procrastinate.jpg */,
				CB0CF27D26D62C6F00CA6F5D /* city.jpg */,
				CB0CF27E26D62C6F00CA6F5D /* peak.jpg */,
				CB0CF27F26D62C6F00CA6F5D /* mistake.jpg */,
				CB0CF28026D62C6F00CA6F5D /* bird.jpg */,
				CB0CF28126D62C6F00CA6F5D /* ostrich.jpg */,
				CB0CF28226D62C6F00CA6F5D /* flight.jpg */,
				CB0CF28326D62C6F00CA6F5D /* mower.jpg */,
				CB0CF28426D62C6F00CA6F5D /* disappointment.jpg */,
				CB0CF28526D62C6F00CA6F5D /* distraction.jpg */,
				CB0CF28626D62C6F00CA6F5D /* raindrops.jpg */,
				CB0CF28726D62C6F00CA6F5D /* anarchy.jpg */,
				CB0CF28826D62C6F00CA6F5D /* humility.jpg */,
				CB0CF28926D62C6F00CA6F5D /* penguin.jpg */,
				CB0CF28A26D62C6F00CA6F5D /* invalid.jpg */,
				CB0CF28B26D62C6F00CA6F5D /* startrek.jpg */,
				CB0CF28C26D62C6F00CA6F5D /* carpe.jpg */,
				CB0CF28D26D62C6F00CA6F5D /* success.jpg */,
				CB0CF28E26D62C6F00CA6F5D /* diamond.jpg */,
				CB0CF29026D62C6F00CA6F5D /* idea.jpg */,
				CB0CF29126D62C6F00CA6F5D /* failure.jpg */,
				CB0CF29226D62C6F00CA6F5D /* seal.jpg */,
				CB0CF29326D62C6F00CA6F5D /* ocean.jpg */,
				CB0CF29426D62C6F00CA6F5D /* spacex.jpg */,
				CB0CF29526D62C6F00CA6F5D /* wallst.jpg */,
				CB0CF29626D62C6F00CA6F5D /* manifestation.jpg */,
				CB0CF29726D62C6F00CA6F5D /* slavery.jpg */,
			);
			path = backgrounds;
			sourceTree = "<group>";
		};
		CB0CF29926D62C6F00CA6F5D /* gifs */ = {
			isa = PBXGroup;
			children = (
				CB0CF29A26D62C6F00CA6F5D /* abstractBlue.gif */,
				CB0CF29B26D62C6F00CA6F5D /* grayscaleAbstract.gif */,
				CB0CF29C26D62C6F00CA6F5D /* penguin.gif */,
				CB0CF29D26D62C6F00CA6F5D /* angryBirds.gif */,
				CB0CF29E26D62C6F00CA6F5D /* test.gif */,
				CB0CF29F26D62C6F00CA6F5D /* anarchy.gif */,
				CB0CF2A026D62C6F00CA6F5D /* gamecube.gif */,
				CB0CF2A126D62C6F00CA6F5D /* germ.gif */,
				CB0CF2A226D62C6F00CA6F5D /* sky.gif */,
				CB0CF2A326D62C6F00CA6F5D /* ufo.gif */,
				CB0CF2A426D62C6F00CA6F5D /* lofiMountain.gif */,
				CB0CF2A526D62C6F00CA6F5D /* money.gif */,
				CB0CF2A626D62C6F00CA6F5D /* binary.gif */,
				CB0CF2A726D62C6F00CA6F5D /* diamond.gif */,
				CB0CF2A826D62C6F00CA6F5D /* sky2.gif */,
				CB0CF2A926D62C6F00CA6F5D /* blackDot.gif */,
				CB0CF2AA26D62C6F00CA6F5D /* star.gif */,
				CB0CF2AB26D62C6F00CA6F5D /* liftoff.gif */,
				CB0CF2AC26D62C6F00CA6F5D /* rainbowDrop.gif */,
				CB0CF2AD26D62C6F00CA6F5D /* skyBreakingBad.gif */,
				CB0CF2AE26D62C6F00CA6F5D /* octopusAbstract.gif */,
				CB0CF2AF26D62C6F00CA6F5D /* fire.gif */,
				CB0CF2B026D62C6F00CA6F5D /* yellow.gif */,
				CB0CF2B126D62C6F00CA6F5D /* grayWave.gif */,
				CB0CF2B226D62C6F00CA6F5D /* trek.gif */,
				CB0CF2B326D62C6F00CA6F5D /* vertical.gif */,
				CB0CF2B426D62C6F00CA6F5D /* candyMountain.gif */,
				CB0CF2B526D62C6F00CA6F5D /* jaws.gif */,
				CB0CF2B626D62C6F00CA6F5D /* butterfly.gif */,
				CB0CF2B726D62C6F00CA6F5D /* snow.gif */,
				CB0CF2B826D62C6F00CA6F5D /* mug.gif */,
				CB0CF2B926D62C6F00CA6F5D /* lightspeed.gif */,
			);
			path = gifs;
			sourceTree = "<group>";
		};
/* End PBXGroup section */

/* Begin PBXNativeTarget section */
		CB0CF21626D6299D00CA6F5D /* InspoTab (iOS) */ = {
			isa = PBXNativeTarget;
			buildConfigurationList = CB0CF26926D6299D00CA6F5D /* Build configuration list for PBXNativeTarget "InspoTab (iOS)" */;
			buildPhases = (
				CB0CF21326D6299D00CA6F5D /* Sources */,
				CB0CF21426D6299D00CA6F5D /* Frameworks */,
				CB0CF21526D6299D00CA6F5D /* Resources */,
				CB0CF26826D6299D00CA6F5D /* Embed App Extensions */,
			);
			buildRules = (
			);
			dependencies = (
				CB0CF23826D6299D00CA6F5D /* PBXTargetDependency */,
			);
			name = "InspoTab (iOS)";
			productName = "InspoTab (iOS)";
			productReference = CB0CF21726D6299D00CA6F5D /* InspoTab.app */;
			productType = "com.apple.product-type.application";
		};
		CB0CF22826D6299D00CA6F5D /* InspoTab (macOS) */ = {
			isa = PBXNativeTarget;
			buildConfigurationList = CB0CF27026D6299D00CA6F5D /* Build configuration list for PBXNativeTarget "InspoTab (macOS)" */;
			buildPhases = (
				CB0CF22526D6299D00CA6F5D /* Sources */,
				CB0CF22626D6299D00CA6F5D /* Frameworks */,
				CB0CF22726D6299D00CA6F5D /* Resources */,
				CB0CF26F26D6299D00CA6F5D /* Embed App Extensions */,
			);
			buildRules = (
			);
			dependencies = (
				CB0CF24226D6299D00CA6F5D /* PBXTargetDependency */,
			);
			name = "InspoTab (macOS)";
			productName = "InspoTab (macOS)";
			productReference = CB0CF22926D6299D00CA6F5D /* InspoTab.app */;
			productType = "com.apple.product-type.application";
		};
		CB0CF23426D6299D00CA6F5D /* InspoTab Extension (iOS) */ = {
			isa = PBXNativeTarget;
			buildConfigurationList = CB0CF26526D6299D00CA6F5D /* Build configuration list for PBXNativeTarget "InspoTab Extension (iOS)" */;
			buildPhases = (
				CB0CF23126D6299D00CA6F5D /* Sources */,
				CB0CF23226D6299D00CA6F5D /* Frameworks */,
				CB0CF23326D6299D00CA6F5D /* Resources */,
			);
			buildRules = (
			);
			dependencies = (
			);
			name = "InspoTab Extension (iOS)";
			productName = "InspoTab Extension (iOS)";
			productReference = CB0CF23526D6299D00CA6F5D /* InspoTab Extension.appex */;
			productType = "com.apple.product-type.app-extension";
		};
		CB0CF23E26D6299D00CA6F5D /* InspoTab Extension (macOS) */ = {
			isa = PBXNativeTarget;
			buildConfigurationList = CB0CF26C26D6299D00CA6F5D /* Build configuration list for PBXNativeTarget "InspoTab Extension (macOS)" */;
			buildPhases = (
				CB0CF23B26D6299D00CA6F5D /* Sources */,
				CB0CF23C26D6299D00CA6F5D /* Frameworks */,
				CB0CF23D26D6299D00CA6F5D /* Resources */,
			);
			buildRules = (
			);
			dependencies = (
			);
			name = "InspoTab Extension (macOS)";
			productName = "InspoTab Extension (macOS)";
			productReference = CB0CF23F26D6299D00CA6F5D /* InspoTab Extension.appex */;
			productType = "com.apple.product-type.app-extension";
		};
/* End PBXNativeTarget section */

/* Begin PBXProject section */
		CB0CF1FB26D6299B00CA6F5D /* Project object */ = {
			isa = PBXProject;
			attributes = {
				BuildIndependentTargetsInParallel = 1;
				LastSwiftUpdateCheck = 1300;
				LastUpgradeCheck = 1300;
				TargetAttributes = {
					CB0CF21626D6299D00CA6F5D = {
						CreatedOnToolsVersion = 13.0;
					};
					CB0CF22826D6299D00CA6F5D = {
						CreatedOnToolsVersion = 13.0;
					};
					CB0CF23426D6299D00CA6F5D = {
						CreatedOnToolsVersion = 13.0;
					};
					CB0CF23E26D6299D00CA6F5D = {
						CreatedOnToolsVersion = 13.0;
					};
				};
			};
			buildConfigurationList = CB0CF1FE26D6299B00CA6F5D /* Build configuration list for PBXProject "InspoTab" */;
			compatibilityVersion = "Xcode 13.0";
			developmentRegion = en;
			hasScannedForEncodings = 0;
			knownRegions = (
				en,
				Base,
			);
			mainGroup = CB0CF1FA26D6299B00CA6F5D;
			productRefGroup = CB0CF21826D6299D00CA6F5D /* Products */;
			projectDirPath = "";
			projectRoot = "";
			targets = (
				CB0CF21626D6299D00CA6F5D /* InspoTab (iOS) */,
				CB0CF22826D6299D00CA6F5D /* InspoTab (macOS) */,
				CB0CF23426D6299D00CA6F5D /* InspoTab Extension (iOS) */,
				CB0CF23E26D6299D00CA6F5D /* InspoTab Extension (macOS) */,
			);
		};
/* End PBXProject section */

/* Begin PBXResourcesBuildPhase section */
		CB0CF21526D6299D00CA6F5D /* Resources */ = {
			isa = PBXResourcesBuildPhase;
			buildActionMask = 2147483647;
			files = (
				CB0CF22026D6299D00CA6F5D /* LaunchScreen.storyboard in Resources */,
				CB0CF24526D6299D00CA6F5D /* Main.html in Resources */,
				CB0CF24B26D6299D00CA6F5D /* Script.js in Resources */,
				CB9740EB26D829A500666F8A /* Icon.png in Resources */,
				CB0CF24F26D6299D00CA6F5D /* Assets.xcassets in Resources */,
				CB0CF22326D6299D00CA6F5D /* Main.storyboard in Resources */,
				CB0CF24926D6299D00CA6F5D /* Style.css in Resources */,
			);
			runOnlyForDeploymentPostprocessing = 0;
		};
		CB0CF22726D6299D00CA6F5D /* Resources */ = {
			isa = PBXResourcesBuildPhase;
			buildActionMask = 2147483647;
			files = (
				CB0CF24A26D6299D00CA6F5D /* Style.css in Resources */,
				CB0CF22F26D6299D00CA6F5D /* Main.storyboard in Resources */,
				CB0CF24C26D6299D00CA6F5D /* Script.js in Resources */,
				CB0CF25026D6299D00CA6F5D /* Assets.xcassets in Resources */,
				CB9740EC26D829A500666F8A /* Icon.png in Resources */,
				CB0CF24626D6299D00CA6F5D /* Main.html in Resources */,
			);
			runOnlyForDeploymentPostprocessing = 0;
		};
		CB0CF23326D6299D00CA6F5D /* Resources */ = {
			isa = PBXResourcesBuildPhase;
			buildActionMask = 2147483647;
			files = (
				CB0CF31526D62C6F00CA6F5D /* sky.gif in Resources */,
				CB0CF2DB26D62C6F00CA6F5D /* disappointment.jpg in Resources */,
				CB0CF2D126D62C6F00CA6F5D /* mistake.jpg in Resources */,
				CB0CF2D926D62C6F00CA6F5D /* mower.jpg in Resources */,
				CB0CF33726D62C6F00CA6F5D /* vertical.gif in Resources */,
				CB0CF2F726D62C6F00CA6F5D /* seal.jpg in Resources */,
				CB0CF2C926D62C6F00CA6F5D /* fly.jpg in Resources */,
				CB0CF34126D62C6F00CA6F5D /* mug.gif in Resources */,
				CB0CF2DD26D62C6F00CA6F5D /* distraction.jpg in Resources */,
				CB0CF2FD26D62C6F00CA6F5D /* wallst.jpg in Resources */,
				CB0CF32D26D62C6F00CA6F5D /* octopusAbstract.gif in Resources */,
				CB0CF33D26D62C6F00CA6F5D /* butterfly.gif in Resources */,
				CB0CF2E326D62C6F00CA6F5D /* humility.jpg in Resources */,
				CB0CF2C526D62C6F00CA6F5D /* bieber.jpg in Resources */,
				CB0CF2D726D62C6F00CA6F5D /* flight.jpg in Resources */,
				CB0CF2CD26D62C6F00CA6F5D /* city.jpg in Resources */,
				CB0CF2EF26D62C6F00CA6F5D /* diamond.jpg in Resources */,
				CB0CF2E926D62C6F00CA6F5D /* startrek.jpg in Resources */,
				CB0CF32B26D62C6F00CA6F5D /* skyBreakingBad.gif in Resources */,
				CB0CF31926D62C6F00CA6F5D /* lofiMountain.gif in Resources */,
				CB0CF2BF26D62C6F00CA6F5D /* internet.jpg in Resources */,
				CB0CF30B26D62C6F00CA6F5D /* angryBirds.gif in Resources */,
				CB0CF34326D62C6F00CA6F5D /* lightspeed.gif in Resources */,
				CB0CF2D526D62C6F00CA6F5D /* ostrich.jpg in Resources */,
				CB0CF2CF26D62C6F00CA6F5D /* peak.jpg in Resources */,
				CB0CF32F26D62C6F00CA6F5D /* fire.gif in Resources */,
				CB0CF32726D62C6F00CA6F5D /* liftoff.gif in Resources */,
				CB0CF2BB26D62C6F00CA6F5D /* index.html in Resources */,
				CB0CF30926D62C6F00CA6F5D /* penguin.gif in Resources */,
				CB0CF30326D62C6F00CA6F5D /* text-styles.css in Resources */,
				CB0CF2DF26D62C6F00CA6F5D /* raindrops.jpg in Resources */,
				CB0CF31126D62C6F00CA6F5D /* gamecube.gif in Resources */,
				CB0CF33526D62C6F00CA6F5D /* trek.gif in Resources */,
				CB0CF2FF26D62C6F00CA6F5D /* manifestation.jpg in Resources */,
				CB0CF30526D62C6F00CA6F5D /* abstractBlue.gif in Resources */,
				CB0CF33F26D62C6F00CA6F5D /* snow.gif in Resources */,
				CB94C67F26E7E7D50097498E /* images in Resources */,
				CB0CF33126D62C6F00CA6F5D /* yellow.gif in Resources */,
				CB0CF2E126D62C6F00CA6F5D /* anarchy.jpg in Resources */,
				6EFD225626EE78E4006B5663 /* backgroundBugFix.js in Resources */,
				CB0CF30126D62C6F00CA6F5D /* slavery.jpg in Resources */,
				CB0CF33926D62C6F00CA6F5D /* candyMountain.gif in Resources */,
				CB0CF31F26D62C6F00CA6F5D /* diamond.gif in Resources */,
				CB0CF2F926D62C6F00CA6F5D /* ocean.jpg in Resources */,
				CB0CF2FB26D62C6F00CA6F5D /* spacex.jpg in Resources */,
				CB0CF2E526D62C6F00CA6F5D /* penguin.jpg in Resources */,
				CB0CF32526D62C6F00CA6F5D /* star.gif in Resources */,
				CB0CF31D26D62C6F00CA6F5D /* binary.gif in Resources */,
				CB0CF32126D62C6F00CA6F5D /* sky2.gif in Resources */,
				CB0CF33326D62C6F00CA6F5D /* grayWave.gif in Resources */,
				CB0CF30D26D62C6F00CA6F5D /* test.gif in Resources */,
				CB0CF33B26D62C6F00CA6F5D /* jaws.gif in Resources */,
				CB0CF31726D62C6F00CA6F5D /* ufo.gif in Resources */,
				CB0CF2C326D62C6F00CA6F5D /* progress.jpg in Resources */,
				CB0CF30F26D62C6F00CA6F5D /* anarchy.gif in Resources */,
				CB0CF31326D62C6F00CA6F5D /* germ.gif in Resources */,
				CB0CF31B26D62C6F00CA6F5D /* money.gif in Resources */,
				CB0CF2F526D62C6F00CA6F5D /* failure.jpg in Resources */,
				CB0CF2EB26D62C6F00CA6F5D /* carpe.jpg in Resources */,
				CB0CF34526D62C6F00CA6F5D /* bg-styles.css in Resources */,
				CB0CF2CB26D62C6F00CA6F5D /* procrastinate.jpg in Resources */,
				CB0CF2BD26D62C6F00CA6F5D /* script.js in Resources */,
				CB0CF25726D6299D00CA6F5D /* manifest.json in Resources */,
				CB0CF25326D6299D00CA6F5D /* _locales in Resources */,
				CB0CF2E726D62C6F00CA6F5D /* invalid.jpg in Resources */,
				CB0CF30726D62C6F00CA6F5D /* grayscaleAbstract.gif in Resources */,
				CB0CF32326D62C6F00CA6F5D /* blackDot.gif in Resources */,
				CB0CF2ED26D62C6F00CA6F5D /* success.jpg in Resources */,
				CB0CF32926D62C6F00CA6F5D /* rainbowDrop.gif in Resources */,
				CB0CF2C126D62C6F00CA6F5D /* ebola.jpg in Resources */,
				CB0CF2D326D62C6F00CA6F5D /* bird.jpg in Resources */,
				CB0CF2C726D62C6F00CA6F5D /* brutalism.jpg in Resources */,
				CB0CF2F326D62C6F00CA6F5D /* idea.jpg in Resources */,
			);
			runOnlyForDeploymentPostprocessing = 0;
		};
		CB0CF23D26D6299D00CA6F5D /* Resources */ = {
			isa = PBXResourcesBuildPhase;
			buildActionMask = 2147483647;
			files = (
				CB0CF31626D62C6F00CA6F5D /* sky.gif in Resources */,
				CB0CF2DC26D62C6F00CA6F5D /* disappointment.jpg in Resources */,
				CB0CF2D226D62C6F00CA6F5D /* mistake.jpg in Resources */,
				CB0CF2DA26D62C6F00CA6F5D /* mower.jpg in Resources */,
				CB0CF33826D62C6F00CA6F5D /* vertical.gif in Resources */,
				CB0CF2F826D62C6F00CA6F5D /* seal.jpg in Resources */,
				CB0CF2CA26D62C6F00CA6F5D /* fly.jpg in Resources */,
				CB0CF34226D62C6F00CA6F5D /* mug.gif in Resources */,
				CB0CF2DE26D62C6F00CA6F5D /* distraction.jpg in Resources */,
				CB0CF2FE26D62C6F00CA6F5D /* wallst.jpg in Resources */,
				CB0CF32E26D62C6F00CA6F5D /* octopusAbstract.gif in Resources */,
				CB0CF33E26D62C6F00CA6F5D /* butterfly.gif in Resources */,
				CB0CF2E426D62C6F00CA6F5D /* humility.jpg in Resources */,
				CB0CF2C626D62C6F00CA6F5D /* bieber.jpg in Resources */,
				CB0CF2D826D62C6F00CA6F5D /* flight.jpg in Resources */,
				CB0CF2CE26D62C6F00CA6F5D /* city.jpg in Resources */,
				CB0CF2F026D62C6F00CA6F5D /* diamond.jpg in Resources */,
				CB0CF2EA26D62C6F00CA6F5D /* startrek.jpg in Resources */,
				CB0CF32C26D62C6F00CA6F5D /* skyBreakingBad.gif in Resources */,
				CB0CF31A26D62C6F00CA6F5D /* lofiMountain.gif in Resources */,
				CB0CF2C026D62C6F00CA6F5D /* internet.jpg in Resources */,
				CB0CF30C26D62C6F00CA6F5D /* angryBirds.gif in Resources */,
				CB0CF34426D62C6F00CA6F5D /* lightspeed.gif in Resources */,
				CB0CF2D626D62C6F00CA6F5D /* ostrich.jpg in Resources */,
				CB0CF2D026D62C6F00CA6F5D /* peak.jpg in Resources */,
				CB0CF33026D62C6F00CA6F5D /* fire.gif in Resources */,
				CB0CF32826D62C6F00CA6F5D /* liftoff.gif in Resources */,
				CB0CF2BC26D62C6F00CA6F5D /* index.html in Resources */,
				CB0CF30A26D62C6F00CA6F5D /* penguin.gif in Resources */,
				CB0CF30426D62C6F00CA6F5D /* text-styles.css in Resources */,
				CB0CF2E026D62C6F00CA6F5D /* raindrops.jpg in Resources */,
				CB0CF31226D62C6F00CA6F5D /* gamecube.gif in Resources */,
				CB0CF33626D62C6F00CA6F5D /* trek.gif in Resources */,
				CB0CF30026D62C6F00CA6F5D /* manifestation.jpg in Resources */,
				CB0CF30626D62C6F00CA6F5D /* abstractBlue.gif in Resources */,
				CB0CF34026D62C6F00CA6F5D /* snow.gif in Resources */,
				CB94C68026E7E7D50097498E /* images in Resources */,
				CB0CF33226D62C6F00CA6F5D /* yellow.gif in Resources */,
				CB0CF2E226D62C6F00CA6F5D /* anarchy.jpg in Resources */,
				6EFD225726EE78E4006B5663 /* backgroundBugFix.js in Resources */,
				CB0CF30226D62C6F00CA6F5D /* slavery.jpg in Resources */,
				CB0CF33A26D62C6F00CA6F5D /* candyMountain.gif in Resources */,
				CB0CF32026D62C6F00CA6F5D /* diamond.gif in Resources */,
				CB0CF2FA26D62C6F00CA6F5D /* ocean.jpg in Resources */,
				CB0CF2FC26D62C6F00CA6F5D /* spacex.jpg in Resources */,
				CB0CF2E626D62C6F00CA6F5D /* penguin.jpg in Resources */,
				CB0CF32626D62C6F00CA6F5D /* star.gif in Resources */,
				CB0CF31E26D62C6F00CA6F5D /* binary.gif in Resources */,
				CB0CF32226D62C6F00CA6F5D /* sky2.gif in Resources */,
				CB0CF33426D62C6F00CA6F5D /* grayWave.gif in Resources */,
				CB0CF30E26D62C6F00CA6F5D /* test.gif in Resources */,
				CB0CF33C26D62C6F00CA6F5D /* jaws.gif in Resources */,
				CB0CF31826D62C6F00CA6F5D /* ufo.gif in Resources */,
				CB0CF2C426D62C6F00CA6F5D /* progress.jpg in Resources */,
				CB0CF31026D62C6F00CA6F5D /* anarchy.gif in Resources */,
				CB0CF31426D62C6F00CA6F5D /* germ.gif in Resources */,
				CB0CF31C26D62C6F00CA6F5D /* money.gif in Resources */,
				CB0CF2F626D62C6F00CA6F5D /* failure.jpg in Resources */,
				CB0CF2EC26D62C6F00CA6F5D /* carpe.jpg in Resources */,
				CB0CF34626D62C6F00CA6F5D /* bg-styles.css in Resources */,
				CB0CF2CC26D62C6F00CA6F5D /* procrastinate.jpg in Resources */,
				CB0CF2BE26D62C6F00CA6F5D /* script.js in Resources */,
				CB0CF25826D6299D00CA6F5D /* manifest.json in Resources */,
				CB0CF25426D6299D00CA6F5D /* _locales in Resources */,
				CB0CF2E826D62C6F00CA6F5D /* invalid.jpg in Resources */,
				CB0CF30826D62C6F00CA6F5D /* grayscaleAbstract.gif in Resources */,
				CB0CF32426D62C6F00CA6F5D /* blackDot.gif in Resources */,
				CB0CF2EE26D62C6F00CA6F5D /* success.jpg in Resources */,
				CB0CF32A26D62C6F00CA6F5D /* rainbowDrop.gif in Resources */,
				CB0CF2C226D62C6F00CA6F5D /* ebola.jpg in Resources */,
				CB0CF2D426D62C6F00CA6F5D /* bird.jpg in Resources */,
				CB0CF2C826D62C6F00CA6F5D /* brutalism.jpg in Resources */,
				CB0CF2F426D62C6F00CA6F5D /* idea.jpg in Resources */,
			);
			runOnlyForDeploymentPostprocessing = 0;
		};
/* End PBXResourcesBuildPhase section */

/* Begin PBXSourcesBuildPhase section */
		CB0CF21326D6299D00CA6F5D /* Sources */ = {
			isa = PBXSourcesBuildPhase;
			buildActionMask = 2147483647;
			files = (
				CB0CF24D26D6299D00CA6F5D /* ViewController.swift in Sources */,
				CB0CF21B26D6299D00CA6F5D /* AppDelegate.swift in Sources */,
				CB0CF21D26D6299D00CA6F5D /* SceneDelegate.swift in Sources */,
			);
			runOnlyForDeploymentPostprocessing = 0;
		};
		CB0CF22526D6299D00CA6F5D /* Sources */ = {
			isa = PBXSourcesBuildPhase;
			buildActionMask = 2147483647;
			files = (
				CB0CF24E26D6299D00CA6F5D /* ViewController.swift in Sources */,
				CB0CF22C26D6299D00CA6F5D /* AppDelegate.swift in Sources */,
			);
			runOnlyForDeploymentPostprocessing = 0;
		};
		CB0CF23126D6299D00CA6F5D /* Sources */ = {
			isa = PBXSourcesBuildPhase;
			buildActionMask = 2147483647;
			files = (
				CB0CF25126D6299D00CA6F5D /* SafariWebExtensionHandler.swift in Sources */,
			);
			runOnlyForDeploymentPostprocessing = 0;
		};
		CB0CF23B26D6299D00CA6F5D /* Sources */ = {
			isa = PBXSourcesBuildPhase;
			buildActionMask = 2147483647;
			files = (
				CB0CF25226D6299D00CA6F5D /* SafariWebExtensionHandler.swift in Sources */,
			);
			runOnlyForDeploymentPostprocessing = 0;
		};
/* End PBXSourcesBuildPhase section */

/* Begin PBXTargetDependency section */
		CB0CF23826D6299D00CA6F5D /* PBXTargetDependency */ = {
			isa = PBXTargetDependency;
			target = CB0CF23426D6299D00CA6F5D /* InspoTab Extension (iOS) */;
			targetProxy = CB0CF23726D6299D00CA6F5D /* PBXContainerItemProxy */;
		};
		CB0CF24226D6299D00CA6F5D /* PBXTargetDependency */ = {
			isa = PBXTargetDependency;
			target = CB0CF23E26D6299D00CA6F5D /* InspoTab Extension (macOS) */;
			targetProxy = CB0CF24126D6299D00CA6F5D /* PBXContainerItemProxy */;
		};
/* End PBXTargetDependency section */

/* Begin PBXVariantGroup section */
		CB0CF20126D6299B00CA6F5D /* Main.html */ = {
			isa = PBXVariantGroup;
			children = (
				CB0CF20226D6299B00CA6F5D /* Base */,
			);
			name = Main.html;
			sourceTree = "<group>";
		};
		CB0CF21E26D6299D00CA6F5D /* LaunchScreen.storyboard */ = {
			isa = PBXVariantGroup;
			children = (
				CB0CF21F26D6299D00CA6F5D /* Base */,
			);
			name = LaunchScreen.storyboard;
			sourceTree = "<group>";
		};
		CB0CF22126D6299D00CA6F5D /* Main.storyboard */ = {
			isa = PBXVariantGroup;
			children = (
				CB0CF22226D6299D00CA6F5D /* Base */,
			);
			name = Main.storyboard;
			sourceTree = "<group>";
		};
		CB0CF22D26D6299D00CA6F5D /* Main.storyboard */ = {
			isa = PBXVariantGroup;
			children = (
				CB0CF22E26D6299D00CA6F5D /* Base */,
			);
			name = Main.storyboard;
			sourceTree = "<group>";
		};
/* End PBXVariantGroup section */

/* Begin XCBuildConfiguration section */
		CB0CF26326D6299D00CA6F5D /* Debug */ = {
			isa = XCBuildConfiguration;
			buildSettings = {
				ALWAYS_SEARCH_USER_PATHS = NO;
				CLANG_ANALYZER_NONNULL = YES;
				CLANG_ANALYZER_NUMBER_OBJECT_CONVERSION = YES_AGGRESSIVE;
				CLANG_CXX_LANGUAGE_STANDARD = "gnu++17";
				CLANG_CXX_LIBRARY = "libc++";
				CLANG_ENABLE_MODULES = YES;
				CLANG_ENABLE_OBJC_ARC = YES;
				CLANG_ENABLE_OBJC_WEAK = YES;
				CLANG_WARN_BLOCK_CAPTURE_AUTORELEASING = YES;
				CLANG_WARN_BOOL_CONVERSION = YES;
				CLANG_WARN_COMMA = YES;
				CLANG_WARN_CONSTANT_CONVERSION = YES;
				CLANG_WARN_DEPRECATED_OBJC_IMPLEMENTATIONS = YES;
				CLANG_WARN_DIRECT_OBJC_ISA_USAGE = YES_ERROR;
				CLANG_WARN_DOCUMENTATION_COMMENTS = YES;
				CLANG_WARN_EMPTY_BODY = YES;
				CLANG_WARN_ENUM_CONVERSION = YES;
				CLANG_WARN_INFINITE_RECURSION = YES;
				CLANG_WARN_INT_CONVERSION = YES;
				CLANG_WARN_NON_LITERAL_NULL_CONVERSION = YES;
				CLANG_WARN_OBJC_IMPLICIT_RETAIN_SELF = YES;
				CLANG_WARN_OBJC_LITERAL_CONVERSION = YES;
				CLANG_WARN_OBJC_ROOT_CLASS = YES_ERROR;
				CLANG_WARN_QUOTED_INCLUDE_IN_FRAMEWORK_HEADER = YES;
				CLANG_WARN_RANGE_LOOP_ANALYSIS = YES;
				CLANG_WARN_STRICT_PROTOTYPES = YES;
				CLANG_WARN_SUSPICIOUS_MOVE = YES;
				CLANG_WARN_UNGUARDED_AVAILABILITY = YES_AGGRESSIVE;
				CLANG_WARN_UNREACHABLE_CODE = YES;
				CLANG_WARN__DUPLICATE_METHOD_MATCH = YES;
				COPY_PHASE_STRIP = NO;
				DEBUG_INFORMATION_FORMAT = dwarf;
				ENABLE_STRICT_OBJC_MSGSEND = YES;
				ENABLE_TESTABILITY = YES;
				GCC_C_LANGUAGE_STANDARD = gnu11;
				GCC_DYNAMIC_NO_PIC = NO;
				GCC_NO_COMMON_BLOCKS = YES;
				GCC_OPTIMIZATION_LEVEL = 0;
				GCC_PREPROCESSOR_DEFINITIONS = (
					"DEBUG=1",
					"$(inherited)",
				);
				GCC_WARN_64_TO_32_BIT_CONVERSION = YES;
				GCC_WARN_ABOUT_RETURN_TYPE = YES_ERROR;
				GCC_WARN_UNDECLARED_SELECTOR = YES;
				GCC_WARN_UNINITIALIZED_AUTOS = YES_AGGRESSIVE;
				GCC_WARN_UNUSED_FUNCTION = YES;
				GCC_WARN_UNUSED_VARIABLE = YES;
				MTL_ENABLE_DEBUG_INFO = INCLUDE_SOURCE;
				MTL_FAST_MATH = YES;
				ONLY_ACTIVE_ARCH = YES;
				SWIFT_ACTIVE_COMPILATION_CONDITIONS = DEBUG;
				SWIFT_OPTIMIZATION_LEVEL = "-Onone";
			};
			name = Debug;
		};
		CB0CF26426D6299D00CA6F5D /* Release */ = {
			isa = XCBuildConfiguration;
			buildSettings = {
				ALWAYS_SEARCH_USER_PATHS = NO;
				CLANG_ANALYZER_NONNULL = YES;
				CLANG_ANALYZER_NUMBER_OBJECT_CONVERSION = YES_AGGRESSIVE;
				CLANG_CXX_LANGUAGE_STANDARD = "gnu++17";
				CLANG_CXX_LIBRARY = "libc++";
				CLANG_ENABLE_MODULES = YES;
				CLANG_ENABLE_OBJC_ARC = YES;
				CLANG_ENABLE_OBJC_WEAK = YES;
				CLANG_WARN_BLOCK_CAPTURE_AUTORELEASING = YES;
				CLANG_WARN_BOOL_CONVERSION = YES;
				CLANG_WARN_COMMA = YES;
				CLANG_WARN_CONSTANT_CONVERSION = YES;
				CLANG_WARN_DEPRECATED_OBJC_IMPLEMENTATIONS = YES;
				CLANG_WARN_DIRECT_OBJC_ISA_USAGE = YES_ERROR;
				CLANG_WARN_DOCUMENTATION_COMMENTS = YES;
				CLANG_WARN_EMPTY_BODY = YES;
				CLANG_WARN_ENUM_CONVERSION = YES;
				CLANG_WARN_INFINITE_RECURSION = YES;
				CLANG_WARN_INT_CONVERSION = YES;
				CLANG_WARN_NON_LITERAL_NULL_CONVERSION = YES;
				CLANG_WARN_OBJC_IMPLICIT_RETAIN_SELF = YES;
				CLANG_WARN_OBJC_LITERAL_CONVERSION = YES;
				CLANG_WARN_OBJC_ROOT_CLASS = YES_ERROR;
				CLANG_WARN_QUOTED_INCLUDE_IN_FRAMEWORK_HEADER = YES;
				CLANG_WARN_RANGE_LOOP_ANALYSIS = YES;
				CLANG_WARN_STRICT_PROTOTYPES = YES;
				CLANG_WARN_SUSPICIOUS_MOVE = YES;
				CLANG_WARN_UNGUARDED_AVAILABILITY = YES_AGGRESSIVE;
				CLANG_WARN_UNREACHABLE_CODE = YES;
				CLANG_WARN__DUPLICATE_METHOD_MATCH = YES;
				COPY_PHASE_STRIP = NO;
				DEBUG_INFORMATION_FORMAT = "dwarf-with-dsym";
				ENABLE_NS_ASSERTIONS = NO;
				ENABLE_STRICT_OBJC_MSGSEND = YES;
				GCC_C_LANGUAGE_STANDARD = gnu11;
				GCC_NO_COMMON_BLOCKS = YES;
				GCC_WARN_64_TO_32_BIT_CONVERSION = YES;
				GCC_WARN_ABOUT_RETURN_TYPE = YES_ERROR;
				GCC_WARN_UNDECLARED_SELECTOR = YES;
				GCC_WARN_UNINITIALIZED_AUTOS = YES_AGGRESSIVE;
				GCC_WARN_UNUSED_FUNCTION = YES;
				GCC_WARN_UNUSED_VARIABLE = YES;
				MTL_ENABLE_DEBUG_INFO = NO;
				MTL_FAST_MATH = YES;
				SWIFT_COMPILATION_MODE = wholemodule;
				SWIFT_OPTIMIZATION_LEVEL = "-O";
			};
			name = Release;
		};
		CB0CF26626D6299D00CA6F5D /* Debug */ = {
			isa = XCBuildConfiguration;
			buildSettings = {
				CODE_SIGN_STYLE = Automatic;
				CURRENT_PROJECT_VERSION = 2;
				DEVELOPMENT_TEAM = M37C3Z2PMR;
				GENERATE_INFOPLIST_FILE = YES;
				INFOPLIST_FILE = "iOS (Extension)/Info.plist";
				INFOPLIST_KEY_CFBundleDisplayName = "InspoTab Extension";
				INFOPLIST_KEY_NSHumanReadableCopyright = "";
				IPHONEOS_DEPLOYMENT_TARGET = 15.0;
				LD_RUNPATH_SEARCH_PATHS = (
					"$(inherited)",
					"@executable_path/Frameworks",
					"@executable_path/../../Frameworks",
				);
				MARKETING_VERSION = 1.0;
				OTHER_LDFLAGS = (
					"-framework",
					SafariServices,
				);
				PRODUCT_BUNDLE_IDENTIFIER = com.shockerella.InspoTab.Extension;
				PRODUCT_NAME = "InspoTab Extension";
				SDKROOT = iphoneos;
				SKIP_INSTALL = YES;
				SWIFT_EMIT_LOC_STRINGS = YES;
				SWIFT_VERSION = 5.0;
				TARGETED_DEVICE_FAMILY = "1,2";
			};
			name = Debug;
		};
		CB0CF26726D6299D00CA6F5D /* Release */ = {
			isa = XCBuildConfiguration;
			buildSettings = {
				CODE_SIGN_STYLE = Automatic;
				CURRENT_PROJECT_VERSION = 2;
				DEVELOPMENT_TEAM = M37C3Z2PMR;
				GENERATE_INFOPLIST_FILE = YES;
				INFOPLIST_FILE = "iOS (Extension)/Info.plist";
				INFOPLIST_KEY_CFBundleDisplayName = "InspoTab Extension";
				INFOPLIST_KEY_NSHumanReadableCopyright = "";
				IPHONEOS_DEPLOYMENT_TARGET = 15.0;
				LD_RUNPATH_SEARCH_PATHS = (
					"$(inherited)",
					"@executable_path/Frameworks",
					"@executable_path/../../Frameworks",
				);
				MARKETING_VERSION = 1.0;
				OTHER_LDFLAGS = (
					"-framework",
					SafariServices,
				);
				PRODUCT_BUNDLE_IDENTIFIER = com.shockerella.InspoTab.Extension;
				PRODUCT_NAME = "InspoTab Extension";
				SDKROOT = iphoneos;
				SKIP_INSTALL = YES;
				SWIFT_EMIT_LOC_STRINGS = YES;
				SWIFT_VERSION = 5.0;
				TARGETED_DEVICE_FAMILY = "1,2";
				VALIDATE_PRODUCT = YES;
			};
			name = Release;
		};
		CB0CF26A26D6299D00CA6F5D /* Debug */ = {
			isa = XCBuildConfiguration;
			buildSettings = {
				ALWAYS_EMBED_SWIFT_STANDARD_LIBRARIES = YES;
				ASSETCATALOG_COMPILER_APPICON_NAME = AppIcon;
				ASSETCATALOG_COMPILER_GLOBAL_ACCENT_COLOR_NAME = AccentColor;
				CODE_SIGN_STYLE = Automatic;
				CURRENT_PROJECT_VERSION = 2;
				DEVELOPMENT_TEAM = M37C3Z2PMR;
				GENERATE_INFOPLIST_FILE = YES;
				INFOPLIST_FILE = "iOS (App)/Info.plist";
				INFOPLIST_KEY_CFBundleDisplayName = InspoTab;
				INFOPLIST_KEY_UIApplicationSupportsIndirectInputEvents = YES;
				INFOPLIST_KEY_UILaunchStoryboardName = LaunchScreen;
				INFOPLIST_KEY_UIMainStoryboardFile = Main;
				INFOPLIST_KEY_UISupportedInterfaceOrientations = "UIInterfaceOrientationPortrait UIInterfaceOrientationLandscapeLeft UIInterfaceOrientationLandscapeRight";
				INFOPLIST_KEY_UISupportedInterfaceOrientations_iPad = "UIInterfaceOrientationPortrait UIInterfaceOrientationPortraitUpsideDown UIInterfaceOrientationLandscapeLeft UIInterfaceOrientationLandscapeRight";
				IPHONEOS_DEPLOYMENT_TARGET = 15.0;
				LD_RUNPATH_SEARCH_PATHS = (
					"$(inherited)",
					"@executable_path/Frameworks",
				);
				MARKETING_VERSION = 1.0;
				OTHER_LDFLAGS = (
					"-framework",
					SafariServices,
					"-framework",
					WebKit,
				);
				PRODUCT_BUNDLE_IDENTIFIER = com.shockerella.InspoTab;
				PRODUCT_NAME = InspoTab;
				SDKROOT = iphoneos;
				SWIFT_EMIT_LOC_STRINGS = YES;
				SWIFT_VERSION = 5.0;
				TARGETED_DEVICE_FAMILY = "1,2";
			};
			name = Debug;
		};
		CB0CF26B26D6299D00CA6F5D /* Release */ = {
			isa = XCBuildConfiguration;
			buildSettings = {
				ALWAYS_EMBED_SWIFT_STANDARD_LIBRARIES = YES;
				ASSETCATALOG_COMPILER_APPICON_NAME = AppIcon;
				ASSETCATALOG_COMPILER_GLOBAL_ACCENT_COLOR_NAME = AccentColor;
				CODE_SIGN_STYLE = Automatic;
				CURRENT_PROJECT_VERSION = 2;
				DEVELOPMENT_TEAM = M37C3Z2PMR;
				GENERATE_INFOPLIST_FILE = YES;
				INFOPLIST_FILE = "iOS (App)/Info.plist";
				INFOPLIST_KEY_CFBundleDisplayName = InspoTab;
				INFOPLIST_KEY_UIApplicationSupportsIndirectInputEvents = YES;
				INFOPLIST_KEY_UILaunchStoryboardName = LaunchScreen;
				INFOPLIST_KEY_UIMainStoryboardFile = Main;
				INFOPLIST_KEY_UISupportedInterfaceOrientations = "UIInterfaceOrientationPortrait UIInterfaceOrientationLandscapeLeft UIInterfaceOrientationLandscapeRight";
				INFOPLIST_KEY_UISupportedInterfaceOrientations_iPad = "UIInterfaceOrientationPortrait UIInterfaceOrientationPortraitUpsideDown UIInterfaceOrientationLandscapeLeft UIInterfaceOrientationLandscapeRight";
				IPHONEOS_DEPLOYMENT_TARGET = 15.0;
				LD_RUNPATH_SEARCH_PATHS = (
					"$(inherited)",
					"@executable_path/Frameworks",
				);
				MARKETING_VERSION = 1.0;
				OTHER_LDFLAGS = (
					"-framework",
					SafariServices,
					"-framework",
					WebKit,
				);
				PRODUCT_BUNDLE_IDENTIFIER = com.shockerella.InspoTab;
				PRODUCT_NAME = InspoTab;
				SDKROOT = iphoneos;
				SWIFT_EMIT_LOC_STRINGS = YES;
				SWIFT_VERSION = 5.0;
				TARGETED_DEVICE_FAMILY = "1,2";
				VALIDATE_PRODUCT = YES;
			};
			name = Release;
		};
		CB0CF26D26D6299D00CA6F5D /* Debug */ = {
			isa = XCBuildConfiguration;
			buildSettings = {
				CODE_SIGN_STYLE = Automatic;
				CURRENT_PROJECT_VERSION = 1;
				DEVELOPMENT_TEAM = M37C3Z2PMR;
				ENABLE_APP_SANDBOX = YES;
				ENABLE_HARDENED_RUNTIME = YES;
				ENABLE_USER_SELECTED_FILES = readonly;
				GENERATE_INFOPLIST_FILE = YES;
				INFOPLIST_FILE = "macOS (Extension)/Info.plist";
				INFOPLIST_KEY_CFBundleDisplayName = "InspoTab Extension";
				INFOPLIST_KEY_NSHumanReadableCopyright = "";
				LD_RUNPATH_SEARCH_PATHS = (
					"$(inherited)",
					"@executable_path/../Frameworks",
					"@executable_path/../../../../Frameworks",
				);
				MACOSX_DEPLOYMENT_TARGET = 10.14;
				MARKETING_VERSION = 1.0;
				OTHER_LDFLAGS = (
					"-framework",
					SafariServices,
				);
				PRODUCT_BUNDLE_IDENTIFIER = com.shockerella.InspoTab.Extension;
				PRODUCT_NAME = "InspoTab Extension";
				SDKROOT = macosx;
				SKIP_INSTALL = YES;
				SWIFT_EMIT_LOC_STRINGS = YES;
				SWIFT_VERSION = 5.0;
			};
			name = Debug;
		};
		CB0CF26E26D6299D00CA6F5D /* Release */ = {
			isa = XCBuildConfiguration;
			buildSettings = {
				CODE_SIGN_STYLE = Automatic;
				CURRENT_PROJECT_VERSION = 1;
				DEVELOPMENT_TEAM = M37C3Z2PMR;
				ENABLE_APP_SANDBOX = YES;
				ENABLE_HARDENED_RUNTIME = YES;
				ENABLE_USER_SELECTED_FILES = readonly;
				GENERATE_INFOPLIST_FILE = YES;
				INFOPLIST_FILE = "macOS (Extension)/Info.plist";
				INFOPLIST_KEY_CFBundleDisplayName = "InspoTab Extension";
				INFOPLIST_KEY_NSHumanReadableCopyright = "";
				LD_RUNPATH_SEARCH_PATHS = (
					"$(inherited)",
					"@executable_path/../Frameworks",
					"@executable_path/../../../../Frameworks",
				);
				MACOSX_DEPLOYMENT_TARGET = 10.14;
				MARKETING_VERSION = 1.0;
				OTHER_LDFLAGS = (
					"-framework",
					SafariServices,
				);
				PRODUCT_BUNDLE_IDENTIFIER = com.shockerella.InspoTab.Extension;
				PRODUCT_NAME = "InspoTab Extension";
				SDKROOT = macosx;
				SKIP_INSTALL = YES;
				SWIFT_EMIT_LOC_STRINGS = YES;
				SWIFT_VERSION = 5.0;
			};
			name = Release;
		};
		CB0CF27126D6299D00CA6F5D /* Debug */ = {
			isa = XCBuildConfiguration;
			buildSettings = {
				ALWAYS_EMBED_SWIFT_STANDARD_LIBRARIES = YES;
				ASSETCATALOG_COMPILER_APPICON_NAME = AppIcon;
				ASSETCATALOG_COMPILER_GLOBAL_ACCENT_COLOR_NAME = AccentColor;
				CODE_SIGN_ENTITLEMENTS = "macOS (App)/InspoTab.entitlements";
				CODE_SIGN_STYLE = Automatic;
				CURRENT_PROJECT_VERSION = 1;
				DEVELOPMENT_TEAM = M37C3Z2PMR;
				ENABLE_APP_SANDBOX = YES;
				ENABLE_HARDENED_RUNTIME = YES;
				ENABLE_USER_SELECTED_FILES = readonly;
				GENERATE_INFOPLIST_FILE = YES;
				INFOPLIST_FILE = "InspoTab--macOS--Info.plist";
				INFOPLIST_KEY_CFBundleDisplayName = InspoTab;
				INFOPLIST_KEY_LSApplicationCategoryType = "public.app-category.entertainment";
				INFOPLIST_KEY_NSMainStoryboardFile = Main;
				INFOPLIST_KEY_NSPrincipalClass = NSApplication;
				LD_RUNPATH_SEARCH_PATHS = (
					"$(inherited)",
					"@executable_path/../Frameworks",
				);
				MACOSX_DEPLOYMENT_TARGET = 10.14;
				MARKETING_VERSION = 1.0;
				OTHER_LDFLAGS = (
					"-framework",
					SafariServices,
					"-framework",
					WebKit,
				);
				PRODUCT_BUNDLE_IDENTIFIER = com.shockerella.InspoTab;
				PRODUCT_NAME = InspoTab;
				SDKROOT = macosx;
				SWIFT_EMIT_LOC_STRINGS = YES;
				SWIFT_VERSION = 5.0;
			};
			name = Debug;
		};
		CB0CF27226D6299D00CA6F5D /* Release */ = {
			isa = XCBuildConfiguration;
			buildSettings = {
				ALWAYS_EMBED_SWIFT_STANDARD_LIBRARIES = YES;
				ASSETCATALOG_COMPILER_APPICON_NAME = AppIcon;
				ASSETCATALOG_COMPILER_GLOBAL_ACCENT_COLOR_NAME = AccentColor;
				CODE_SIGN_ENTITLEMENTS = "macOS (App)/InspoTab.entitlements";
				CODE_SIGN_STYLE = Automatic;
				CURRENT_PROJECT_VERSION = 1;
				DEVELOPMENT_TEAM = M37C3Z2PMR;
				ENABLE_APP_SANDBOX = YES;
				ENABLE_HARDENED_RUNTIME = YES;
				ENABLE_USER_SELECTED_FILES = readonly;
				GENERATE_INFOPLIST_FILE = YES;
				INFOPLIST_FILE = "InspoTab--macOS--Info.plist";
				INFOPLIST_KEY_CFBundleDisplayName = InspoTab;
				INFOPLIST_KEY_LSApplicationCategoryType = "public.app-category.entertainment";
				INFOPLIST_KEY_NSMainStoryboardFile = Main;
				INFOPLIST_KEY_NSPrincipalClass = NSApplication;
				LD_RUNPATH_SEARCH_PATHS = (
					"$(inherited)",
					"@executable_path/../Frameworks",
				);
				MACOSX_DEPLOYMENT_TARGET = 10.14;
				MARKETING_VERSION = 1.0;
				OTHER_LDFLAGS = (
					"-framework",
					SafariServices,
					"-framework",
					WebKit,
				);
				PRODUCT_BUNDLE_IDENTIFIER = com.shockerella.InspoTab;
				PRODUCT_NAME = InspoTab;
				SDKROOT = macosx;
				SWIFT_EMIT_LOC_STRINGS = YES;
				SWIFT_VERSION = 5.0;
			};
			name = Release;
		};
/* End XCBuildConfiguration section */

/* Begin XCConfigurationList section */
		CB0CF1FE26D6299B00CA6F5D /* Build configuration list for PBXProject "InspoTab" */ = {
			isa = XCConfigurationList;
			buildConfigurations = (
				CB0CF26326D6299D00CA6F5D /* Debug */,
				CB0CF26426D6299D00CA6F5D /* Release */,
			);
			defaultConfigurationIsVisible = 0;
			defaultConfigurationName = Release;
		};
		CB0CF26526D6299D00CA6F5D /* Build configuration list for PBXNativeTarget "InspoTab Extension (iOS)" */ = {
			isa = XCConfigurationList;
			buildConfigurations = (
				CB0CF26626D6299D00CA6F5D /* Debug */,
				CB0CF26726D6299D00CA6F5D /* Release */,
			);
			defaultConfigurationIsVisible = 0;
			defaultConfigurationName = Release;
		};
		CB0CF26926D6299D00CA6F5D /* Build configuration list for PBXNativeTarget "InspoTab (iOS)" */ = {
			isa = XCConfigurationList;
			buildConfigurations = (
				CB0CF26A26D6299D00CA6F5D /* Debug */,
				CB0CF26B26D6299D00CA6F5D /* Release */,
			);
			defaultConfigurationIsVisible = 0;
			defaultConfigurationName = Release;
		};
		CB0CF26C26D6299D00CA6F5D /* Build configuration list for PBXNativeTarget "InspoTab Extension (macOS)" */ = {
			isa = XCConfigurationList;
			buildConfigurations = (
				CB0CF26D26D6299D00CA6F5D /* Debug */,
				CB0CF26E26D6299D00CA6F5D /* Release */,
			);
			defaultConfigurationIsVisible = 0;
			defaultConfigurationName = Release;
		};
		CB0CF27026D6299D00CA6F5D /* Build configuration list for PBXNativeTarget "InspoTab (macOS)" */ = {
			isa = XCConfigurationList;
			buildConfigurations = (
				CB0CF27126D6299D00CA6F5D /* Debug */,
				CB0CF27226D6299D00CA6F5D /* Release */,
			);
			defaultConfigurationIsVisible = 0;
			defaultConfigurationName = Release;
		};
/* End XCConfigurationList section */
	};
	rootObject = CB0CF1FB26D6299B00CA6F5D /* Project object */;
}
